// !$*UTF8*$!
{
	archiveVersion = 1;
	classes = {
	};
	objectVersion = 77;
	objects = {

/* Begin PBXBuildFile section */
		021E288FC44CF65EFE7CBD6C /* PackMigration.swift in Sources */ = {isa = PBXBuildFile; fileRef = 452EC513EA805C9E22C144DB /* PackMigration.swift */; };
		03F66B9690BA203BD931B93F /* GraphRenderingTests.swift in Sources */ = {isa = PBXBuildFile; fileRef = EF5B6B879A9E3F1DF5D2F514 /* GraphRenderingTests.swift */; };
		0535193E935F0CED17438D41 /* ResponseLimit.swift in Sources */ = {isa = PBXBuildFile; fileRef = CFC563466B1DD11D292F5731 /* ResponseLimit.swift */; };
		053F38244CD10DA6ED77B640 /* FeedSyncService.swift in Sources */ = {isa = PBXBuildFile; fileRef = 626B44DBD4047ED09444071D /* FeedSyncService.swift */; };
		0E4A760C098CAEF67AB392C1 /* UITestLaunchTests.swift in Sources */ = {isa = PBXBuildFile; fileRef = BD1DAA70ADF0D37270B455AB /* UITestLaunchTests.swift */; };
		0F072B9F11A0DE69DF17EE7E /* HotTopics.swift in Sources */ = {isa = PBXBuildFile; fileRef = A89345C4D2E92AB642D1812C /* HotTopics.swift */; };
		113632B5A6A20C4EDE618116 /* ArticleView.swift in Sources */ = {isa = PBXBuildFile; fileRef = 8BA7BA225FFE6F945A9104EE /* ArticleView.swift */; };
		117C1701890EA77A9FFF1E2B /* PackDrivenPathTests.swift in Sources */ = {isa = PBXBuildFile; fileRef = FC06445AEC3AEA0A988E1A48 /* PackDrivenPathTests.swift */; };
		11952B7F3953AE8B946E7181 /* ConceptSheetView.swift in Sources */ = {isa = PBXBuildFile; fileRef = F3E99D5A4574651A0F930761 /* ConceptSheetView.swift */; };
		13C837292A832847D26998B4 /* KnowledgePathTests.swift in Sources */ = {isa = PBXBuildFile; fileRef = 65E7E29ED174FA263DEDB606 /* KnowledgePathTests.swift */; };
		1DE2B0C961EF8FA6EC20D428 /* PackInstaller.swift in Sources */ = {isa = PBXBuildFile; fileRef = 02C9F82D65A24E3E170F98C9 /* PackInstaller.swift */; };
		1E177F824E7AD32EE4346C8B /* TopicSearchTests.swift in Sources */ = {isa = PBXBuildFile; fileRef = F1C1E4844F48EA3BC9B6F3A3 /* TopicSearchTests.swift */; };
		2033BEA874209872876F143A /* PreviewData.swift in Sources */ = {isa = PBXBuildFile; fileRef = C026D81A3625A7A0FFB671BA /* PreviewData.swift */; };
		223A361D7999C367F1CF2752 /* SeedData.swift in Sources */ = {isa = PBXBuildFile; fileRef = D54D627FAD26DF0C72127B94 /* SeedData.swift */; };
		224ED54EE33733C483A7914F /* KnowledgePack.swift in Sources */ = {isa = PBXBuildFile; fileRef = 4BB5D3C26FD8D3646C05997E /* KnowledgePack.swift */; };
		25E574F9C9B98C8549587EAA /* WidgetSnapshot.swift in Sources */ = {isa = PBXBuildFile; fileRef = 62AA05C84655EAF6E1F786B3 /* WidgetSnapshot.swift */; };
		2777D9E0ED8A75F5D090EE41 /* ActivePackIdentity.swift in Sources */ = {isa = PBXBuildFile; fileRef = 5B6DF539383E82CC21814150 /* ActivePackIdentity.swift */; };
		291AC0AD5362A7FD04FF36ED /* UITestLaunch.swift in Sources */ = {isa = PBXBuildFile; fileRef = 0188A6A2C5F1053026243BEF /* UITestLaunch.swift */; };
		29366D66A8D6279112D25EEE /* BuiltinPacksTests.swift in Sources */ = {isa = PBXBuildFile; fileRef = AA24EEF0465D07C0890488BB /* BuiltinPacksTests.swift */; };
		2B0F53B77C274940C5C0D1F1 /* JourneyLedger.swift in Sources */ = {isa = PBXBuildFile; fileRef = 10B157B00FCB2B06C8B15AA5 /* JourneyLedger.swift */; };
		2BA9F64AF3D7DFE40795F23E /* FullMapView.swift in Sources */ = {isa = PBXBuildFile; fileRef = B598CFA675FB447CD64B2FDB /* FullMapView.swift */; };
		2D8B0F0767C9B416C80DDB30 /* Theme.swift in Sources */ = {isa = PBXBuildFile; fileRef = 2B07EE9C61977870716F7F9E /* Theme.swift */; };
		337B1E17767E138AF44EA8D4 /* ByoKeyTests.swift in Sources */ = {isa = PBXBuildFile; fileRef = C93199D96AE63A2E77A0E374 /* ByoKeyTests.swift */; };
		379C8AC4C5783CA1C638040C /* TechPulseWidgetBundle.swift in Sources */ = {isa = PBXBuildFile; fileRef = 3622BA0341099C2B7B34C775 /* TechPulseWidgetBundle.swift */; };
		38E00AED36E3963C7E3DF030 /* BuiltinPacks.swift in Sources */ = {isa = PBXBuildFile; fileRef = 6815B261815EC1E6FBE543C3 /* BuiltinPacks.swift */; };
		3999C796E4420BAEE8E89466 /* JourneyLedger.swift in Sources */ = {isa = PBXBuildFile; fileRef = 10B157B00FCB2B06C8B15AA5 /* JourneyLedger.swift */; };
		3BD95E1A61FCB6A0870E645E /* WidgetSnapshot.swift in Sources */ = {isa = PBXBuildFile; fileRef = 62AA05C84655EAF6E1F786B3 /* WidgetSnapshot.swift */; };
		3C364DDB6D2D12B536FA8452 /* InstalledPack.swift in Sources */ = {isa = PBXBuildFile; fileRef = 2166D44447F7648C738B4272 /* InstalledPack.swift */; };
		3CC4CB63D11DE86C76C05103 /* PackSourceOffer.swift in Sources */ = {isa = PBXBuildFile; fileRef = 1AAFF93AE35FA419DAADC8FA /* PackSourceOffer.swift */; };
		3DC63038E15D9C51D29250FA /* ForceGraphView.swift in Sources */ = {isa = PBXBuildFile; fileRef = 2A8587075ACC8C5B50E579FD /* ForceGraphView.swift */; };
		3DF2ADD656EC562F5C955453 /* ExplainPrompt.swift in Sources */ = {isa = PBXBuildFile; fileRef = 2586ABA9BB3FC1C928EC6AEC /* ExplainPrompt.swift */; };
		3E2BEB38EB4C7B866C5D2660 /* PackMigrationTests.swift in Sources */ = {isa = PBXBuildFile; fileRef = FADF59CC4F3856D6BC609022 /* PackMigrationTests.swift */; };
		3E3CF15088A284E0EB84871C /* RootTabView.swift in Sources */ = {isa = PBXBuildFile; fileRef = 21B90CCA674EAE8D32108CD3 /* RootTabView.swift */; };
		453B0A7702E4A1224840AC2A /* RSSParserTests.swift in Sources */ = {isa = PBXBuildFile; fileRef = 3888CD6831CCA2655369901B /* RSSParserTests.swift */; };
		46FE11B0203CB7421E08B2DD /* HabitEngine.swift in Sources */ = {isa = PBXBuildFile; fileRef = 9CCF7B94959D93C993B9F598 /* HabitEngine.swift */; };
		4823EDDF5E54AFD727A94E38 /* ExplainRouteTests.swift in Sources */ = {isa = PBXBuildFile; fileRef = 941B6A636A34EAB579EEDCC0 /* ExplainRouteTests.swift */; };
		4A2B4EC62E3B4BF6E10CD9CC /* SelectableText.swift in Sources */ = {isa = PBXBuildFile; fileRef = 4E8740BCA165AACC9103823F /* SelectableText.swift */; };
		4BF6AF14EDF50A14C3F4205E /* TopicSearchService.swift in Sources */ = {isa = PBXBuildFile; fileRef = D3C4D1DACE42EDDAAD7384F6 /* TopicSearchService.swift */; };
		4C714C5DB37A3929083FB727 /* KnowledgeEngine.swift in Sources */ = {isa = PBXBuildFile; fileRef = 4AD1BC18D4319A7AA8A7A80A /* KnowledgeEngine.swift */; };
		4D46D1E8FE76F4B8D8824B3E /* FeedSyncTests.swift in Sources */ = {isa = PBXBuildFile; fileRef = 5CD7DA32E69836E54817449D /* FeedSyncTests.swift */; };
		54270DCF1E686461F4D799E8 /* FeedSource.swift in Sources */ = {isa = PBXBuildFile; fileRef = 9F913F99EDEF0C8346A46BF8 /* FeedSource.swift */; };
		55AEB1106174B5C14FB36FA2 /* TechPulseApp.swift in Sources */ = {isa = PBXBuildFile; fileRef = DFCD8E2B92F580179B914CAB /* TechPulseApp.swift */; };
		55C48AE6CB76FD8C4B1ADA6A /* FeedView.swift in Sources */ = {isa = PBXBuildFile; fileRef = 21E4491DBD576D7C3A194CF7 /* FeedView.swift */; };
		589977A315079BD373EB3AF2 /* ExplainRoute.swift in Sources */ = {isa = PBXBuildFile; fileRef = A73F8F8DB42B31687E24BEDE /* ExplainRoute.swift */; };
		5CFCE9E2620A771B439CA427 /* OnboardingView.swift in Sources */ = {isa = PBXBuildFile; fileRef = 805E262401FAC71EF8B36A16 /* OnboardingView.swift */; };
		6AB8436080975FE2867EBB47 /* Theme.swift in Sources */ = {isa = PBXBuildFile; fileRef = 2B07EE9C61977870716F7F9E /* Theme.swift */; };
		6BCBB97EDD258341FD8BF586 /* CoreadScoring.swift in Sources */ = {isa = PBXBuildFile; fileRef = F9AE706BA6F2E2DA1455EF3C /* CoreadScoring.swift */; };
		6DFDE1DEEC1F113933A40FF6 /* WeeklyLearningIntent.swift in Sources */ = {isa = PBXBuildFile; fileRef = 4C0794BD56A9EDCCBA857486 /* WeeklyLearningIntent.swift */; };
		6E32EDEC254288E369341A50 /* KnowledgeEngineTests.swift in Sources */ = {isa = PBXBuildFile; fileRef = 3217DDB8C0FCEF782C439924 /* KnowledgeEngineTests.swift */; };
		6F940C83DBFAE7041A7EDE25 /* KnowledgePathEngine.swift in Sources */ = {isa = PBXBuildFile; fileRef = 6AFB441714355495350731A0 /* KnowledgePathEngine.swift */; };
		76300C799239920856F4869D /* IntelligenceService.swift in Sources */ = {isa = PBXBuildFile; fileRef = EB39432F3B7A188E92A963D0 /* IntelligenceService.swift */; };
		787B5A057456E5A8138E7E57 /* ProgressTabView.swift in Sources */ = {isa = PBXBuildFile; fileRef = 0B5DEA33C7F76331B8669A39 /* ProgressTabView.swift */; };
		7B67654466C221D28BE47D9B /* QuizEngine.swift in Sources */ = {isa = PBXBuildFile; fileRef = B0B5916628B4441F136B85D0 /* QuizEngine.swift */; };
		7E39B00F888424CFF59C19D9 /* HabitEngineTests.swift in Sources */ = {isa = PBXBuildFile; fileRef = 73FEFD3493ED4C1DAEF0BA1F /* HabitEngineTests.swift */; };
		7EE8127BFC39B53B9442A4C5 /* WeeklyLearningIntentTests.swift in Sources */ = {isa = PBXBuildFile; fileRef = 51994DA7136B4BC895E94AC8 /* WeeklyLearningIntentTests.swift */; };
		81BED1514496A1784067284A /* AnthropicClient.swift in Sources */ = {isa = PBXBuildFile; fileRef = 2015A82A0B6F08CC61ADBD74 /* AnthropicClient.swift */; };
		82BC7E7FAD1FE1E81A71D54D /* WidgetRefresh.swift in Sources */ = {isa = PBXBuildFile; fileRef = 6A841F0FB3F4D5D35ED829C8 /* WidgetRefresh.swift */; };
		82F1A66E3841ED0A10F0386D /* SemanticLinker.swift in Sources */ = {isa = PBXBuildFile; fileRef = 48E478192808857D337F5CAC /* SemanticLinker.swift */; };
		85C280DF654E644B678A7908 /* Assets.xcassets in Resources */ = {isa = PBXBuildFile; fileRef = 2A5A340CE5E5021CD152F174 /* Assets.xcassets */; };
		865E0ABD1E3F4054EC686A96 /* ConceptDependency.swift in Sources */ = {isa = PBXBuildFile; fileRef = D6C50EAE7BF362DAABB8850D /* ConceptDependency.swift */; };
		86998CFB655967C45D6C4841 /* ConceptLink.swift in Sources */ = {isa = PBXBuildFile; fileRef = C9C5ED2D37A3357AEFA26968 /* ConceptLink.swift */; };
		888D419A0635DFE249F4C436 /* KnowledgeMapView.swift in Sources */ = {isa = PBXBuildFile; fileRef = F518937E357D9640AB20F567 /* KnowledgeMapView.swift */; };
		89FCE27365F457B468EACE6A /* SemanticLink.swift in Sources */ = {isa = PBXBuildFile; fileRef = FC2344CCBC4508F65DBE94A4 /* SemanticLink.swift */; };
		8AFEE669B1C367C2D32B8F64 /* QuizView.swift in Sources */ = {isa = PBXBuildFile; fileRef = 1BC5918EC41E2DC2BE2E6884 /* QuizView.swift */; };
		8ED69BE743E9A55FDF347BA3 /* RSSParser.swift in Sources */ = {isa = PBXBuildFile; fileRef = 913AB0648317CE52447B34D6 /* RSSParser.swift */; };
		8FFEF7536EEB88B4ADF5CB65 /* ExplainPromptTests.swift in Sources */ = {isa = PBXBuildFile; fileRef = 43F70C6D332EB69325A6D616 /* ExplainPromptTests.swift */; };
		938F03142455C084AD92D02F /* UITestLaunch.swift in Sources */ = {isa = PBXBuildFile; fileRef = 0188A6A2C5F1053026243BEF /* UITestLaunch.swift */; };
		96315EB538495DDC2CEFAAF0 /* TechPulseUITests.swift in Sources */ = {isa = PBXBuildFile; fileRef = EE45300FDDCED3CAA7416DFF /* TechPulseUITests.swift */; };
		9796E0FC34C8CE54E14845DA /* AppSchema.swift in Sources */ = {isa = PBXBuildFile; fileRef = 26205B32A6979E490DE69772 /* AppSchema.swift */; };
		9A027009EB10BC820E82765E /* PackFile.swift in Sources */ = {isa = PBXBuildFile; fileRef = D7F41B56AE8558577F90FF07 /* PackFile.swift */; };
		9A63C654F78898F6D8AC58E3 /* TechPulseWidgetExtension.appex in Embed Foundation Extensions */ = {isa = PBXBuildFile; fileRef = 0589963A0AE4B696E53ADA0C /* TechPulseWidgetExtension.appex */; settings = {ATTRIBUTES = (RemoveHeadersOnCopy, ); }; };
		9FEFD5F2EBDE54F3A8D21D9D /* PackLibraryView.swift in Sources */ = {isa = PBXBuildFile; fileRef = 571D5671CDF5C25BAA89D44C /* PackLibraryView.swift */; };
		A12863526CABDA2078C6CC59 /* KeychainStore.swift in Sources */ = {isa = PBXBuildFile; fileRef = 24CB6AB829AE3904762AA2F3 /* KeychainStore.swift */; };
		AC269276B3F82B7025C3E3FB /* UITestSupport.swift in Sources */ = {isa = PBXBuildFile; fileRef = 4891801E7DD9F1BA352978AC /* UITestSupport.swift */; };
		AD3AF80B7D4B0DC6B5720FA4 /* PackFileTests.swift in Sources */ = {isa = PBXBuildFile; fileRef = 2E37A1B81DE21F03EB89D165 /* PackFileTests.swift */; };
		B43E70327381BAB77E06FB3D /* Journey.swift in Sources */ = {isa = PBXBuildFile; fileRef = 5E0AC48BA00E4E792E92DD6F /* Journey.swift */; };
		B7C6B1B4E08A10B0C7799FE7 /* WordSelection.swift in Sources */ = {isa = PBXBuildFile; fileRef = 4C2E5EA53D43AAA6E9661699 /* WordSelection.swift */; };
		B93232B2770B97869ACA2F64 /* PackInstallerTests.swift in Sources */ = {isa = PBXBuildFile; fileRef = EC0E3D4D133232BE13D2D895 /* PackInstallerTests.swift */; };
		C0A7CB94D145D8C8ACEA8F1B /* security-engineering.json in Resources */ = {isa = PBXBuildFile; fileRef = 194BEA926165C6E4C7208BAC /* security-engineering.json */; };
		C1F65670F6E83E3C7C1D4C31 /* Concept.swift in Sources */ = {isa = PBXBuildFile; fileRef = ED47D39B166251E56D6F8BF5 /* Concept.swift */; };
		C61784038E077262EF1F2A15 /* ResponseLimitTests.swift in Sources */ = {isa = PBXBuildFile; fileRef = 4ABFFF00DD92156566A888CD /* ResponseLimitTests.swift */; };
		C9772C9336CD0D3D3A7EEBC3 /* JourneyLedgerTests.swift in Sources */ = {isa = PBXBuildFile; fileRef = 7EA816A669366B690E5244D9 /* JourneyLedgerTests.swift */; };
		CFDFD59D0A00473755E39B28 /* ai-engineer.json in Resources */ = {isa = PBXBuildFile; fileRef = 366F07A6ACC8138673869DD7 /* ai-engineer.json */; };
		D7B535CDDF16574CA88ED9CD /* SettingsView.swift in Sources */ = {isa = PBXBuildFile; fileRef = 064A64AB8DE1CF19F91AF0D7 /* SettingsView.swift */; };
		D9F11763811A1BE83B1BE472 /* StreakWidget.swift in Sources */ = {isa = PBXBuildFile; fileRef = FC206139BB65D5F158F617F3 /* StreakWidget.swift */; };
		DABD57C8D910FBCA10AD84FD /* SemanticLinkerTests.swift in Sources */ = {isa = PBXBuildFile; fileRef = 01130D5542466DB13D5E9BEA /* SemanticLinkerTests.swift */; };
		DDDAC96BF310C5958D0DB6C5 /* ClusterDetailView.swift in Sources */ = {isa = PBXBuildFile; fileRef = 868594080FF33DB21E159C55 /* ClusterDetailView.swift */; };
		E11F2305E68B942DCA1715B4 /* FullTextService.swift in Sources */ = {isa = PBXBuildFile; fileRef = FD06BF3A4AAACB4F2DCC8803 /* FullTextService.swift */; };
		E40589D4EFCCF41543C1C969 /* PackSelectionTests.swift in Sources */ = {isa = PBXBuildFile; fileRef = C8A2065B7BBA8ED32EDE997E /* PackSelectionTests.swift */; };
		E672C856D5A49E3B95D90AE1 /* FullTextServiceTests.swift in Sources */ = {isa = PBXBuildFile; fileRef = 672DB5C708F62EDBA9A7C6FE /* FullTextServiceTests.swift */; };
		EC37A6EFCC4433454C4656EE /* Article.swift in Sources */ = {isa = PBXBuildFile; fileRef = E4185C93CEBFBE8C369F380C /* Article.swift */; };
		F4DF1AAEFC78C1B0B1F1193A /* LearningEvent.swift in Sources */ = {isa = PBXBuildFile; fileRef = DC4B49A1EFCB17ECF852B046 /* LearningEvent.swift */; };
		F5887E0869B482BB64DF7D0E /* CoreadScoringTests.swift in Sources */ = {isa = PBXBuildFile; fileRef = AFF3E26CD07C160305C33BD7 /* CoreadScoringTests.swift */; };
		F944E516BBFE88A84803266D /* WordSelectionTests.swift in Sources */ = {isa = PBXBuildFile; fileRef = F29ABE279F16EBD657FA2268 /* WordSelectionTests.swift */; };
/* End PBXBuildFile section */

/* Begin PBXContainerItemProxy section */
		23EEB900CA04DA2A551E1224 /* PBXContainerItemProxy */ = {
			isa = PBXContainerItemProxy;
			containerPortal = 1173EF6787E0BCFFA42533AF /* Project object */;
			proxyType = 1;
			remoteGlobalIDString = 61378DF558204F1B586C78BF;
			remoteInfo = TechPulse;
		};
		2A90B792BBF9D5A99AC07C1D /* PBXContainerItemProxy */ = {
			isa = PBXContainerItemProxy;
			containerPortal = 1173EF6787E0BCFFA42533AF /* Project object */;
			proxyType = 1;
			remoteGlobalIDString = F3F7C83075ABD86FE1E70F28;
			remoteInfo = TechPulseWidgetExtension;
		};
		4FAA860F134517EFAB6AC2A2 /* PBXContainerItemProxy */ = {
			isa = PBXContainerItemProxy;
			containerPortal = 1173EF6787E0BCFFA42533AF /* Project object */;
			proxyType = 1;
			remoteGlobalIDString = 61378DF558204F1B586C78BF;
			remoteInfo = TechPulse;
		};
/* End PBXContainerItemProxy section */

/* Begin PBXCopyFilesBuildPhase section */
		FB66B563BFBB9005EDC3B07B /* Embed Foundation Extensions */ = {
			isa = PBXCopyFilesBuildPhase;
			buildActionMask = 2147483647;
			dstPath = "";
			dstSubfolderSpec = 13;
			files = (
				9A63C654F78898F6D8AC58E3 /* TechPulseWidgetExtension.appex in Embed Foundation Extensions */,
			);
			name = "Embed Foundation Extensions";
			runOnlyForDeploymentPostprocessing = 0;
		};
/* End PBXCopyFilesBuildPhase section */

/* Begin PBXFileReference section */
		01130D5542466DB13D5E9BEA /* SemanticLinkerTests.swift */ = {isa = PBXFileReference; lastKnownFileType = sourcecode.swift; path = SemanticLinkerTests.swift; sourceTree = "<group>"; };
		0188A6A2C5F1053026243BEF /* UITestLaunch.swift */ = {isa = PBXFileReference; lastKnownFileType = sourcecode.swift; path = UITestLaunch.swift; sourceTree = "<group>"; };
		02C9F82D65A24E3E170F98C9 /* PackInstaller.swift */ = {isa = PBXFileReference; lastKnownFileType = sourcecode.swift; path = PackInstaller.swift; sourceTree = "<group>"; };
		0589963A0AE4B696E53ADA0C /* TechPulseWidgetExtension.appex */ = {isa = PBXFileReference; includeInIndex = 0; lastKnownFileType = "wrapper.app-extension"; path = TechPulseWidgetExtension.appex; sourceTree = BUILT_PRODUCTS_DIR; };
		064A64AB8DE1CF19F91AF0D7 /* SettingsView.swift */ = {isa = PBXFileReference; lastKnownFileType = sourcecode.swift; path = SettingsView.swift; sourceTree = "<group>"; };
		0B5DEA33C7F76331B8669A39 /* ProgressTabView.swift */ = {isa = PBXFileReference; lastKnownFileType = sourcecode.swift; path = ProgressTabView.swift; sourceTree = "<group>"; };
		10B157B00FCB2B06C8B15AA5 /* JourneyLedger.swift */ = {isa = PBXFileReference; lastKnownFileType = sourcecode.swift; path = JourneyLedger.swift; sourceTree = "<group>"; };
		194BEA926165C6E4C7208BAC /* security-engineering.json */ = {isa = PBXFileReference; lastKnownFileType = text.json; path = "security-engineering.json"; sourceTree = "<group>"; };
		1AAFF93AE35FA419DAADC8FA /* PackSourceOffer.swift */ = {isa = PBXFileReference; lastKnownFileType = sourcecode.swift; path = PackSourceOffer.swift; sourceTree = "<group>"; };
		1BC5918EC41E2DC2BE2E6884 /* QuizView.swift */ = {isa = PBXFileReference; lastKnownFileType = sourcecode.swift; path = QuizView.swift; sourceTree = "<group>"; };
		2015A82A0B6F08CC61ADBD74 /* AnthropicClient.swift */ = {isa = PBXFileReference; lastKnownFileType = sourcecode.swift; path = AnthropicClient.swift; sourceTree = "<group>"; };
		2166D44447F7648C738B4272 /* InstalledPack.swift */ = {isa = PBXFileReference; lastKnownFileType = sourcecode.swift; path = InstalledPack.swift; sourceTree = "<group>"; };
		21B90CCA674EAE8D32108CD3 /* RootTabView.swift */ = {isa = PBXFileReference; lastKnownFileType = sourcecode.swift; path = RootTabView.swift; sourceTree = "<group>"; };
		21E4491DBD576D7C3A194CF7 /* FeedView.swift */ = {isa = PBXFileReference; lastKnownFileType = sourcecode.swift; path = FeedView.swift; sourceTree = "<group>"; };
		24CB6AB829AE3904762AA2F3 /* KeychainStore.swift */ = {isa = PBXFileReference; lastKnownFileType = sourcecode.swift; path = KeychainStore.swift; sourceTree = "<group>"; };
		2586ABA9BB3FC1C928EC6AEC /* ExplainPrompt.swift */ = {isa = PBXFileReference; lastKnownFileType = sourcecode.swift; path = ExplainPrompt.swift; sourceTree = "<group>"; };
		26205B32A6979E490DE69772 /* AppSchema.swift */ = {isa = PBXFileReference; lastKnownFileType = sourcecode.swift; path = AppSchema.swift; sourceTree = "<group>"; };
		2A5A340CE5E5021CD152F174 /* Assets.xcassets */ = {isa = PBXFileReference; lastKnownFileType = folder.assetcatalog; path = Assets.xcassets; sourceTree = "<group>"; };
		2A8587075ACC8C5B50E579FD /* ForceGraphView.swift */ = {isa = PBXFileReference; lastKnownFileType = sourcecode.swift; path = ForceGraphView.swift; sourceTree = "<group>"; };
		2B07EE9C61977870716F7F9E /* Theme.swift */ = {isa = PBXFileReference; lastKnownFileType = sourcecode.swift; path = Theme.swift; sourceTree = "<group>"; };
		2E37A1B81DE21F03EB89D165 /* PackFileTests.swift */ = {isa = PBXFileReference; lastKnownFileType = sourcecode.swift; path = PackFileTests.swift; sourceTree = "<group>"; };
		3217DDB8C0FCEF782C439924 /* KnowledgeEngineTests.swift */ = {isa = PBXFileReference; lastKnownFileType = sourcecode.swift; path = KnowledgeEngineTests.swift; sourceTree = "<group>"; };
		32AFBF580D137E09E6248B83 /* TechPulseWidget.entitlements */ = {isa = PBXFileReference; lastKnownFileType = text.plist.entitlements; path = TechPulseWidget.entitlements; sourceTree = "<group>"; };
		3622BA0341099C2B7B34C775 /* TechPulseWidgetBundle.swift */ = {isa = PBXFileReference; lastKnownFileType = sourcecode.swift; path = TechPulseWidgetBundle.swift; sourceTree = "<group>"; };
		366F07A6ACC8138673869DD7 /* ai-engineer.json */ = {isa = PBXFileReference; lastKnownFileType = text.json; path = "ai-engineer.json"; sourceTree = "<group>"; };
		3888CD6831CCA2655369901B /* RSSParserTests.swift */ = {isa = PBXFileReference; lastKnownFileType = sourcecode.swift; path = RSSParserTests.swift; sourceTree = "<group>"; };
		43F70C6D332EB69325A6D616 /* ExplainPromptTests.swift */ = {isa = PBXFileReference; lastKnownFileType = sourcecode.swift; path = ExplainPromptTests.swift; sourceTree = "<group>"; };
		452EC513EA805C9E22C144DB /* PackMigration.swift */ = {isa = PBXFileReference; lastKnownFileType = sourcecode.swift; path = PackMigration.swift; sourceTree = "<group>"; };
		4891801E7DD9F1BA352978AC /* UITestSupport.swift */ = {isa = PBXFileReference; lastKnownFileType = sourcecode.swift; path = UITestSupport.swift; sourceTree = "<group>"; };
		48E478192808857D337F5CAC /* SemanticLinker.swift */ = {isa = PBXFileReference; lastKnownFileType = sourcecode.swift; path = SemanticLinker.swift; sourceTree = "<group>"; };
		4ABFFF00DD92156566A888CD /* ResponseLimitTests.swift */ = {isa = PBXFileReference; lastKnownFileType = sourcecode.swift; path = ResponseLimitTests.swift; sourceTree = "<group>"; };
		4AD1BC18D4319A7AA8A7A80A /* KnowledgeEngine.swift */ = {isa = PBXFileReference; lastKnownFileType = sourcecode.swift; path = KnowledgeEngine.swift; sourceTree = "<group>"; };
		4BB5D3C26FD8D3646C05997E /* KnowledgePack.swift */ = {isa = PBXFileReference; lastKnownFileType = sourcecode.swift; path = KnowledgePack.swift; sourceTree = "<group>"; };
		4C0794BD56A9EDCCBA857486 /* WeeklyLearningIntent.swift */ = {isa = PBXFileReference; lastKnownFileType = sourcecode.swift; path = WeeklyLearningIntent.swift; sourceTree = "<group>"; };
		4C2E5EA53D43AAA6E9661699 /* WordSelection.swift */ = {isa = PBXFileReference; lastKnownFileType = sourcecode.swift; path = WordSelection.swift; sourceTree = "<group>"; };
		4E8740BCA165AACC9103823F /* SelectableText.swift */ = {isa = PBXFileReference; lastKnownFileType = sourcecode.swift; path = SelectableText.swift; sourceTree = "<group>"; };
		51994DA7136B4BC895E94AC8 /* WeeklyLearningIntentTests.swift */ = {isa = PBXFileReference; lastKnownFileType = sourcecode.swift; path = WeeklyLearningIntentTests.swift; sourceTree = "<group>"; };
		571D5671CDF5C25BAA89D44C /* PackLibraryView.swift */ = {isa = PBXFileReference; lastKnownFileType = sourcecode.swift; path = PackLibraryView.swift; sourceTree = "<group>"; };
		5B6DF539383E82CC21814150 /* ActivePackIdentity.swift */ = {isa = PBXFileReference; lastKnownFileType = sourcecode.swift; path = ActivePackIdentity.swift; sourceTree = "<group>"; };
		5CD7DA32E69836E54817449D /* FeedSyncTests.swift */ = {isa = PBXFileReference; lastKnownFileType = sourcecode.swift; path = FeedSyncTests.swift; sourceTree = "<group>"; };
		5E0AC48BA00E4E792E92DD6F /* Journey.swift */ = {isa = PBXFileReference; lastKnownFileType = sourcecode.swift; path = Journey.swift; sourceTree = "<group>"; };
		617B35B67651116A05F5ADB6 /* TechPulse.app */ = {isa = PBXFileReference; includeInIndex = 0; lastKnownFileType = wrapper.application; path = TechPulse.app; sourceTree = BUILT_PRODUCTS_DIR; };
		626B44DBD4047ED09444071D /* FeedSyncService.swift */ = {isa = PBXFileReference; lastKnownFileType = sourcecode.swift; path = FeedSyncService.swift; sourceTree = "<group>"; };
		62AA05C84655EAF6E1F786B3 /* WidgetSnapshot.swift */ = {isa = PBXFileReference; lastKnownFileType = sourcecode.swift; path = WidgetSnapshot.swift; sourceTree = "<group>"; };
		65E7E29ED174FA263DEDB606 /* KnowledgePathTests.swift */ = {isa = PBXFileReference; lastKnownFileType = sourcecode.swift; path = KnowledgePathTests.swift; sourceTree = "<group>"; };
		672DB5C708F62EDBA9A7C6FE /* FullTextServiceTests.swift */ = {isa = PBXFileReference; lastKnownFileType = sourcecode.swift; path = FullTextServiceTests.swift; sourceTree = "<group>"; };
		6815B261815EC1E6FBE543C3 /* BuiltinPacks.swift */ = {isa = PBXFileReference; lastKnownFileType = sourcecode.swift; path = BuiltinPacks.swift; sourceTree = "<group>"; };
		6A841F0FB3F4D5D35ED829C8 /* WidgetRefresh.swift */ = {isa = PBXFileReference; lastKnownFileType = sourcecode.swift; path = WidgetRefresh.swift; sourceTree = "<group>"; };
		6AFB441714355495350731A0 /* KnowledgePathEngine.swift */ = {isa = PBXFileReference; lastKnownFileType = sourcecode.swift; path = KnowledgePathEngine.swift; sourceTree = "<group>"; };
		73FEFD3493ED4C1DAEF0BA1F /* HabitEngineTests.swift */ = {isa = PBXFileReference; lastKnownFileType = sourcecode.swift; path = HabitEngineTests.swift; sourceTree = "<group>"; };
		7EA816A669366B690E5244D9 /* JourneyLedgerTests.swift */ = {isa = PBXFileReference; lastKnownFileType = sourcecode.swift; path = JourneyLedgerTests.swift; sourceTree = "<group>"; };
		805E262401FAC71EF8B36A16 /* OnboardingView.swift */ = {isa = PBXFileReference; lastKnownFileType = sourcecode.swift; path = OnboardingView.swift; sourceTree = "<group>"; };
		865E69EC6659F98F9C2C4AA3 /* Info.plist */ = {isa = PBXFileReference; lastKnownFileType = text.plist; path = Info.plist; sourceTree = "<group>"; };
		868594080FF33DB21E159C55 /* ClusterDetailView.swift */ = {isa = PBXFileReference; lastKnownFileType = sourcecode.swift; path = ClusterDetailView.swift; sourceTree = "<group>"; };
		8BA7BA225FFE6F945A9104EE /* ArticleView.swift */ = {isa = PBXFileReference; lastKnownFileType = sourcecode.swift; path = ArticleView.swift; sourceTree = "<group>"; };
		913AB0648317CE52447B34D6 /* RSSParser.swift */ = {isa = PBXFileReference; lastKnownFileType = sourcecode.swift; path = RSSParser.swift; sourceTree = "<group>"; };
		941B6A636A34EAB579EEDCC0 /* ExplainRouteTests.swift */ = {isa = PBXFileReference; lastKnownFileType = sourcecode.swift; path = ExplainRouteTests.swift; sourceTree = "<group>"; };
		966B6DB51F9C41FB72365B7B /* TechPulse.entitlements */ = {isa = PBXFileReference; lastKnownFileType = text.plist.entitlements; path = TechPulse.entitlements; sourceTree = "<group>"; };
		9CCF7B94959D93C993B9F598 /* HabitEngine.swift */ = {isa = PBXFileReference; lastKnownFileType = sourcecode.swift; path = HabitEngine.swift; sourceTree = "<group>"; };
		9F913F99EDEF0C8346A46BF8 /* FeedSource.swift */ = {isa = PBXFileReference; lastKnownFileType = sourcecode.swift; path = FeedSource.swift; sourceTree = "<group>"; };
		A73F8F8DB42B31687E24BEDE /* ExplainRoute.swift */ = {isa = PBXFileReference; lastKnownFileType = sourcecode.swift; path = ExplainRoute.swift; sourceTree = "<group>"; };
		A89345C4D2E92AB642D1812C /* HotTopics.swift */ = {isa = PBXFileReference; lastKnownFileType = sourcecode.swift; path = HotTopics.swift; sourceTree = "<group>"; };
		AA24EEF0465D07C0890488BB /* BuiltinPacksTests.swift */ = {isa = PBXFileReference; lastKnownFileType = sourcecode.swift; path = BuiltinPacksTests.swift; sourceTree = "<group>"; };
		AFF3E26CD07C160305C33BD7 /* CoreadScoringTests.swift */ = {isa = PBXFileReference; lastKnownFileType = sourcecode.swift; path = CoreadScoringTests.swift; sourceTree = "<group>"; };
		B0B5916628B4441F136B85D0 /* QuizEngine.swift */ = {isa = PBXFileReference; lastKnownFileType = sourcecode.swift; path = QuizEngine.swift; sourceTree = "<group>"; };
		B2DB7FEBA756BC17F361DBE8 /* TechPulseTests.xctest */ = {isa = PBXFileReference; includeInIndex = 0; lastKnownFileType = wrapper.cfbundle; path = TechPulseTests.xctest; sourceTree = BUILT_PRODUCTS_DIR; };
		B598CFA675FB447CD64B2FDB /* FullMapView.swift */ = {isa = PBXFileReference; lastKnownFileType = sourcecode.swift; path = FullMapView.swift; sourceTree = "<group>"; };
		BD1DAA70ADF0D37270B455AB /* UITestLaunchTests.swift */ = {isa = PBXFileReference; lastKnownFileType = sourcecode.swift; path = UITestLaunchTests.swift; sourceTree = "<group>"; };
		C026D81A3625A7A0FFB671BA /* PreviewData.swift */ = {isa = PBXFileReference; lastKnownFileType = sourcecode.swift; path = PreviewData.swift; sourceTree = "<group>"; };
		C4F10364098E372489FBE22C /* TechPulseUITests.xctest */ = {isa = PBXFileReference; includeInIndex = 0; lastKnownFileType = wrapper.cfbundle; path = TechPulseUITests.xctest; sourceTree = BUILT_PRODUCTS_DIR; };
		C8A2065B7BBA8ED32EDE997E /* PackSelectionTests.swift */ = {isa = PBXFileReference; lastKnownFileType = sourcecode.swift; path = PackSelectionTests.swift; sourceTree = "<group>"; };
		C93199D96AE63A2E77A0E374 /* ByoKeyTests.swift */ = {isa = PBXFileReference; lastKnownFileType = sourcecode.swift; path = ByoKeyTests.swift; sourceTree = "<group>"; };
		C9C5ED2D37A3357AEFA26968 /* ConceptLink.swift */ = {isa = PBXFileReference; lastKnownFileType = sourcecode.swift; path = ConceptLink.swift; sourceTree = "<group>"; };
		CFC563466B1DD11D292F5731 /* ResponseLimit.swift */ = {isa = PBXFileReference; lastKnownFileType = sourcecode.swift; path = ResponseLimit.swift; sourceTree = "<group>"; };
		D3C4D1DACE42EDDAAD7384F6 /* TopicSearchService.swift */ = {isa = PBXFileReference; lastKnownFileType = sourcecode.swift; path = TopicSearchService.swift; sourceTree = "<group>"; };
		D54D627FAD26DF0C72127B94 /* SeedData.swift */ = {isa = PBXFileReference; lastKnownFileType = sourcecode.swift; path = SeedData.swift; sourceTree = "<group>"; };
		D6C50EAE7BF362DAABB8850D /* ConceptDependency.swift */ = {isa = PBXFileReference; lastKnownFileType = sourcecode.swift; path = ConceptDependency.swift; sourceTree = "<group>"; };
		D7F41B56AE8558577F90FF07 /* PackFile.swift */ = {isa = PBXFileReference; lastKnownFileType = sourcecode.swift; path = PackFile.swift; sourceTree = "<group>"; };
		DC4B49A1EFCB17ECF852B046 /* LearningEvent.swift */ = {isa = PBXFileReference; lastKnownFileType = sourcecode.swift; path = LearningEvent.swift; sourceTree = "<group>"; };
		DFCD8E2B92F580179B914CAB /* TechPulseApp.swift */ = {isa = PBXFileReference; lastKnownFileType = sourcecode.swift; path = TechPulseApp.swift; sourceTree = "<group>"; };
		E4185C93CEBFBE8C369F380C /* Article.swift */ = {isa = PBXFileReference; lastKnownFileType = sourcecode.swift; path = Article.swift; sourceTree = "<group>"; };
		EB39432F3B7A188E92A963D0 /* IntelligenceService.swift */ = {isa = PBXFileReference; lastKnownFileType = sourcecode.swift; path = IntelligenceService.swift; sourceTree = "<group>"; };
		EC0E3D4D133232BE13D2D895 /* PackInstallerTests.swift */ = {isa = PBXFileReference; lastKnownFileType = sourcecode.swift; path = PackInstallerTests.swift; sourceTree = "<group>"; };
		ED47D39B166251E56D6F8BF5 /* Concept.swift */ = {isa = PBXFileReference; lastKnownFileType = sourcecode.swift; path = Concept.swift; sourceTree = "<group>"; };
		EE45300FDDCED3CAA7416DFF /* TechPulseUITests.swift */ = {isa = PBXFileReference; lastKnownFileType = sourcecode.swift; path = TechPulseUITests.swift; sourceTree = "<group>"; };
		EF5B6B879A9E3F1DF5D2F514 /* GraphRenderingTests.swift */ = {isa = PBXFileReference; lastKnownFileType = sourcecode.swift; path = GraphRenderingTests.swift; sourceTree = "<group>"; };
		F1C1E4844F48EA3BC9B6F3A3 /* TopicSearchTests.swift */ = {isa = PBXFileReference; lastKnownFileType = sourcecode.swift; path = TopicSearchTests.swift; sourceTree = "<group>"; };
		F29ABE279F16EBD657FA2268 /* WordSelectionTests.swift */ = {isa = PBXFileReference; lastKnownFileType = sourcecode.swift; path = WordSelectionTests.swift; sourceTree = "<group>"; };
		F3A91E232A4865C54B96A6F7 /* Info.plist */ = {isa = PBXFileReference; lastKnownFileType = text.plist; path = Info.plist; sourceTree = "<group>"; };
		F3E99D5A4574651A0F930761 /* ConceptSheetView.swift */ = {isa = PBXFileReference; lastKnownFileType = sourcecode.swift; path = ConceptSheetView.swift; sourceTree = "<group>"; };
		F518937E357D9640AB20F567 /* KnowledgeMapView.swift */ = {isa = PBXFileReference; lastKnownFileType = sourcecode.swift; path = KnowledgeMapView.swift; sourceTree = "<group>"; };
		F9AE706BA6F2E2DA1455EF3C /* CoreadScoring.swift */ = {isa = PBXFileReference; lastKnownFileType = sourcecode.swift; path = CoreadScoring.swift; sourceTree = "<group>"; };
		FADF59CC4F3856D6BC609022 /* PackMigrationTests.swift */ = {isa = PBXFileReference; lastKnownFileType = sourcecode.swift; path = PackMigrationTests.swift; sourceTree = "<group>"; };
		FC06445AEC3AEA0A988E1A48 /* PackDrivenPathTests.swift */ = {isa = PBXFileReference; lastKnownFileType = sourcecode.swift; path = PackDrivenPathTests.swift; sourceTree = "<group>"; };
		FC206139BB65D5F158F617F3 /* StreakWidget.swift */ = {isa = PBXFileReference; lastKnownFileType = sourcecode.swift; path = StreakWidget.swift; sourceTree = "<group>"; };
		FC2344CCBC4508F65DBE94A4 /* SemanticLink.swift */ = {isa = PBXFileReference; lastKnownFileType = sourcecode.swift; path = SemanticLink.swift; sourceTree = "<group>"; };
		FD06BF3A4AAACB4F2DCC8803 /* FullTextService.swift */ = {isa = PBXFileReference; lastKnownFileType = sourcecode.swift; path = FullTextService.swift; sourceTree = "<group>"; };
/* End PBXFileReference section */

/* Begin PBXGroup section */
		04FA278C00ACCCE3E80B68B5 /* Models */ = {
			isa = PBXGroup;
			children = (
				26205B32A6979E490DE69772 /* AppSchema.swift */,
				E4185C93CEBFBE8C369F380C /* Article.swift */,
				ED47D39B166251E56D6F8BF5 /* Concept.swift */,
				D6C50EAE7BF362DAABB8850D /* ConceptDependency.swift */,
				C9C5ED2D37A3357AEFA26968 /* ConceptLink.swift */,
				9F913F99EDEF0C8346A46BF8 /* FeedSource.swift */,
				2166D44447F7648C738B4272 /* InstalledPack.swift */,
				DC4B49A1EFCB17ECF852B046 /* LearningEvent.swift */,
				FC2344CCBC4508F65DBE94A4 /* SemanticLink.swift */,
				62AA05C84655EAF6E1F786B3 /* WidgetSnapshot.swift */,
			);
			path = Models;
			sourceTree = "<group>";
		};
		0682B3B536D855EB337757D7 /* TechPulse */ = {
			isa = PBXGroup;
			children = (
				2A5A340CE5E5021CD152F174 /* Assets.xcassets */,
				F3A91E232A4865C54B96A6F7 /* Info.plist */,
				966B6DB51F9C41FB72365B7B /* TechPulse.entitlements */,
				DFCD8E2B92F580179B914CAB /* TechPulseApp.swift */,
				61BA340C1EB9BBBA939C8C94 /* Intents */,
				04FA278C00ACCCE3E80B68B5 /* Models */,
				1612F5AD0C1EC7A990E0088A /* Resources */,
				771701C748C25A097B798E81 /* Services */,
				3EA890FD792BD6D33A615BF0 /* Views */,
			);
			path = TechPulse;
			sourceTree = "<group>";
		};
		1612F5AD0C1EC7A990E0088A /* Resources */ = {
			isa = PBXGroup;
			children = (
				4AD35AFBF874DE81C6993993 /* Packs */,
			);
			path = Resources;
			sourceTree = "<group>";
		};
		2C7CC2CCBA9561C078327AB0 /* UITests */ = {
			isa = PBXGroup;
			children = (
				5E0AC48BA00E4E792E92DD6F /* Journey.swift */,
				EE45300FDDCED3CAA7416DFF /* TechPulseUITests.swift */,
			);
			name = UITests;
			path = Tests/UITests;
			sourceTree = "<group>";
		};
		3EA890FD792BD6D33A615BF0 /* Views */ = {
			isa = PBXGroup;
			children = (
				8BA7BA225FFE6F945A9104EE /* ArticleView.swift */,
				868594080FF33DB21E159C55 /* ClusterDetailView.swift */,
				F3E99D5A4574651A0F930761 /* ConceptSheetView.swift */,
				21E4491DBD576D7C3A194CF7 /* FeedView.swift */,
				2A8587075ACC8C5B50E579FD /* ForceGraphView.swift */,
				B598CFA675FB447CD64B2FDB /* FullMapView.swift */,
				F518937E357D9640AB20F567 /* KnowledgeMapView.swift */,
				805E262401FAC71EF8B36A16 /* OnboardingView.swift */,
				571D5671CDF5C25BAA89D44C /* PackLibraryView.swift */,
				0B5DEA33C7F76331B8669A39 /* ProgressTabView.swift */,
				1BC5918EC41E2DC2BE2E6884 /* QuizView.swift */,
				21B90CCA674EAE8D32108CD3 /* RootTabView.swift */,
				4E8740BCA165AACC9103823F /* SelectableText.swift */,
				064A64AB8DE1CF19F91AF0D7 /* SettingsView.swift */,
				2B07EE9C61977870716F7F9E /* Theme.swift */,
			);
			path = Views;
			sourceTree = "<group>";
		};
		42808836D652AEAA9ED8F4F2 /* UnitTests */ = {
			isa = PBXGroup;
			children = (
				AA24EEF0465D07C0890488BB /* BuiltinPacksTests.swift */,
				C93199D96AE63A2E77A0E374 /* ByoKeyTests.swift */,
				AFF3E26CD07C160305C33BD7 /* CoreadScoringTests.swift */,
				43F70C6D332EB69325A6D616 /* ExplainPromptTests.swift */,
				941B6A636A34EAB579EEDCC0 /* ExplainRouteTests.swift */,
				5CD7DA32E69836E54817449D /* FeedSyncTests.swift */,
				672DB5C708F62EDBA9A7C6FE /* FullTextServiceTests.swift */,
				EF5B6B879A9E3F1DF5D2F514 /* GraphRenderingTests.swift */,
				73FEFD3493ED4C1DAEF0BA1F /* HabitEngineTests.swift */,
				7EA816A669366B690E5244D9 /* JourneyLedgerTests.swift */,
				3217DDB8C0FCEF782C439924 /* KnowledgeEngineTests.swift */,
				65E7E29ED174FA263DEDB606 /* KnowledgePathTests.swift */,
				FC06445AEC3AEA0A988E1A48 /* PackDrivenPathTests.swift */,
				2E37A1B81DE21F03EB89D165 /* PackFileTests.swift */,
				EC0E3D4D133232BE13D2D895 /* PackInstallerTests.swift */,
				FADF59CC4F3856D6BC609022 /* PackMigrationTests.swift */,
				C8A2065B7BBA8ED32EDE997E /* PackSelectionTests.swift */,
				4ABFFF00DD92156566A888CD /* ResponseLimitTests.swift */,
				3888CD6831CCA2655369901B /* RSSParserTests.swift */,
				01130D5542466DB13D5E9BEA /* SemanticLinkerTests.swift */,
				F1C1E4844F48EA3BC9B6F3A3 /* TopicSearchTests.swift */,
				BD1DAA70ADF0D37270B455AB /* UITestLaunchTests.swift */,
				51994DA7136B4BC895E94AC8 /* WeeklyLearningIntentTests.swift */,
				F29ABE279F16EBD657FA2268 /* WordSelectionTests.swift */,
			);
			name = UnitTests;
			path = Tests/UnitTests;
			sourceTree = "<group>";
		};
		4AD35AFBF874DE81C6993993 /* Packs */ = {
			isa = PBXGroup;
			children = (
				366F07A6ACC8138673869DD7 /* ai-engineer.json */,
				194BEA926165C6E4C7208BAC /* security-engineering.json */,
			);
			path = Packs;
			sourceTree = "<group>";
		};
		54626F69B4469EECF9A9A636 /* Products */ = {
			isa = PBXGroup;
			children = (
				617B35B67651116A05F5ADB6 /* TechPulse.app */,
				B2DB7FEBA756BC17F361DBE8 /* TechPulseTests.xctest */,
				C4F10364098E372489FBE22C /* TechPulseUITests.xctest */,
				0589963A0AE4B696E53ADA0C /* TechPulseWidgetExtension.appex */,
			);
			name = Products;
			sourceTree = "<group>";
		};
		61BA340C1EB9BBBA939C8C94 /* Intents */ = {
			isa = PBXGroup;
			children = (
				4C0794BD56A9EDCCBA857486 /* WeeklyLearningIntent.swift */,
			);
			path = Intents;
			sourceTree = "<group>";
		};
		771701C748C25A097B798E81 /* Services */ = {
			isa = PBXGroup;
			children = (
				5B6DF539383E82CC21814150 /* ActivePackIdentity.swift */,
				2015A82A0B6F08CC61ADBD74 /* AnthropicClient.swift */,
				6815B261815EC1E6FBE543C3 /* BuiltinPacks.swift */,
				F9AE706BA6F2E2DA1455EF3C /* CoreadScoring.swift */,
				2586ABA9BB3FC1C928EC6AEC /* ExplainPrompt.swift */,
				A73F8F8DB42B31687E24BEDE /* ExplainRoute.swift */,
				626B44DBD4047ED09444071D /* FeedSyncService.swift */,
				FD06BF3A4AAACB4F2DCC8803 /* FullTextService.swift */,
				9CCF7B94959D93C993B9F598 /* HabitEngine.swift */,
				A89345C4D2E92AB642D1812C /* HotTopics.swift */,
				EB39432F3B7A188E92A963D0 /* IntelligenceService.swift */,
				24CB6AB829AE3904762AA2F3 /* KeychainStore.swift */,
				4AD1BC18D4319A7AA8A7A80A /* KnowledgeEngine.swift */,
				4BB5D3C26FD8D3646C05997E /* KnowledgePack.swift */,
				6AFB441714355495350731A0 /* KnowledgePathEngine.swift */,
				D7F41B56AE8558577F90FF07 /* PackFile.swift */,
				02C9F82D65A24E3E170F98C9 /* PackInstaller.swift */,
				452EC513EA805C9E22C144DB /* PackMigration.swift */,
				1AAFF93AE35FA419DAADC8FA /* PackSourceOffer.swift */,
				C026D81A3625A7A0FFB671BA /* PreviewData.swift */,
				B0B5916628B4441F136B85D0 /* QuizEngine.swift */,
				CFC563466B1DD11D292F5731 /* ResponseLimit.swift */,
				913AB0648317CE52447B34D6 /* RSSParser.swift */,
				D54D627FAD26DF0C72127B94 /* SeedData.swift */,
				48E478192808857D337F5CAC /* SemanticLinker.swift */,
				D3C4D1DACE42EDDAAD7384F6 /* TopicSearchService.swift */,
				4891801E7DD9F1BA352978AC /* UITestSupport.swift */,
				6A841F0FB3F4D5D35ED829C8 /* WidgetRefresh.swift */,
				4C2E5EA53D43AAA6E9661699 /* WordSelection.swift */,
			);
			path = Services;
			sourceTree = "<group>";
		};
		C4B48B966DA45FEBD6DF9325 = {
			isa = PBXGroup;
			children = (
				DA6FF918E8F36442AE23DF02 /* Support */,
				0682B3B536D855EB337757D7 /* TechPulse */,
				CAD4A66394A2AA395290E542 /* TechPulseWidget */,
				2C7CC2CCBA9561C078327AB0 /* UITests */,
				42808836D652AEAA9ED8F4F2 /* UnitTests */,
				54626F69B4469EECF9A9A636 /* Products */,
			);
			sourceTree = "<group>";
		};
		CAD4A66394A2AA395290E542 /* TechPulseWidget */ = {
			isa = PBXGroup;
			children = (
				865E69EC6659F98F9C2C4AA3 /* Info.plist */,
				FC206139BB65D5F158F617F3 /* StreakWidget.swift */,
				32AFBF580D137E09E6248B83 /* TechPulseWidget.entitlements */,
				3622BA0341099C2B7B34C775 /* TechPulseWidgetBundle.swift */,
			);
			path = TechPulseWidget;
			sourceTree = "<group>";
		};
		DA6FF918E8F36442AE23DF02 /* Support */ = {
			isa = PBXGroup;
			children = (
				10B157B00FCB2B06C8B15AA5 /* JourneyLedger.swift */,
				0188A6A2C5F1053026243BEF /* UITestLaunch.swift */,
			);
			name = Support;
			path = Tests/Support;
			sourceTree = "<group>";
		};
/* End PBXGroup section */

/* Begin PBXNativeTarget section */
		61378DF558204F1B586C78BF /* TechPulse */ = {
			isa = PBXNativeTarget;
			buildConfigurationList = C34831F2AC3F861603585F2C /* Build configuration list for PBXNativeTarget "TechPulse" */;
			buildPhases = (
				B570EC0ABBD13E10C4F5A85F /* Sources */,
				2D157C2DEE5B4562B035CB80 /* Resources */,
				FB66B563BFBB9005EDC3B07B /* Embed Foundation Extensions */,
			);
			buildRules = (
			);
			dependencies = (
				417AD8EEDC38AA8AB5E68D05 /* PBXTargetDependency */,
			);
			name = TechPulse;
			packageProductDependencies = (
			);
			productName = TechPulse;
			productReference = 617B35B67651116A05F5ADB6 /* TechPulse.app */;
			productType = "com.apple.product-type.application";
		};
		679C77D1ADE08B6AF4882EAC /* TechPulseUITests */ = {
			isa = PBXNativeTarget;
			buildConfigurationList = 834A373E83094BDBE0595F5D /* Build configuration list for PBXNativeTarget "TechPulseUITests" */;
			buildPhases = (
				E7214F078D7C61C3F3020E2B /* Sources */,
			);
			buildRules = (
			);
			dependencies = (
				82AEDC26FB6DACA0667E4C4C /* PBXTargetDependency */,
			);
			name = TechPulseUITests;
			packageProductDependencies = (
			);
			productName = TechPulseUITests;
			productReference = C4F10364098E372489FBE22C /* TechPulseUITests.xctest */;
			productType = "com.apple.product-type.bundle.ui-testing";
		};
		92A8764FF7FBD80FF290D59D /* TechPulseTests */ = {
			isa = PBXNativeTarget;
			buildConfigurationList = 148E101D955BDCEAAD4FA8A3 /* Build configuration list for PBXNativeTarget "TechPulseTests" */;
			buildPhases = (
				6A672C30D46FA4172B187C31 /* Sources */,
			);
			buildRules = (
			);
			dependencies = (
				DDB03E7F87A432699C7A5803 /* PBXTargetDependency */,
			);
			name = TechPulseTests;
			packageProductDependencies = (
			);
			productName = TechPulseTests;
			productReference = B2DB7FEBA756BC17F361DBE8 /* TechPulseTests.xctest */;
			productType = "com.apple.product-type.bundle.unit-test";
		};
		F3F7C83075ABD86FE1E70F28 /* TechPulseWidgetExtension */ = {
			isa = PBXNativeTarget;
			buildConfigurationList = DE44AD95714CA5F7FA256069 /* Build configuration list for PBXNativeTarget "TechPulseWidgetExtension" */;
			buildPhases = (
				DC1921121290720293D71853 /* Sources */,
			);
			buildRules = (
			);
			dependencies = (
			);
			name = TechPulseWidgetExtension;
			packageProductDependencies = (
			);
			productName = TechPulseWidgetExtension;
			productReference = 0589963A0AE4B696E53ADA0C /* TechPulseWidgetExtension.appex */;
			productType = "com.apple.product-type.app-extension";
		};
/* End PBXNativeTarget section */

/* Begin PBXProject section */
		1173EF6787E0BCFFA42533AF /* Project object */ = {
			isa = PBXProject;
			attributes = {
				BuildIndependentTargetsInParallel = YES;
				LastUpgradeCheck = 1430;
				TargetAttributes = {
					61378DF558204F1B586C78BF = {
						ProvisioningStyle = Automatic;
					};
					679C77D1ADE08B6AF4882EAC = {
						TestTargetID = 61378DF558204F1B586C78BF;
					};
					F3F7C83075ABD86FE1E70F28 = {
						ProvisioningStyle = Automatic;
					};
				};
			};
			buildConfigurationList = 2A9AAC1E2F0B1D7208197294 /* Build configuration list for PBXProject "TechPulse" */;
			developmentRegion = en;
			hasScannedForEncodings = 0;
			knownRegions = (
				Base,
				en,
			);
			mainGroup = C4B48B966DA45FEBD6DF9325;
			minimizedProjectReferenceProxies = 1;
			preferredProjectObjectVersion = 77;
			productRefGroup = 54626F69B4469EECF9A9A636 /* Products */;
			projectDirPath = "";
			projectRoot = "";
			targets = (
				61378DF558204F1B586C78BF /* TechPulse */,
				92A8764FF7FBD80FF290D59D /* TechPulseTests */,
				679C77D1ADE08B6AF4882EAC /* TechPulseUITests */,
				F3F7C83075ABD86FE1E70F28 /* TechPulseWidgetExtension */,
			);
		};
/* End PBXProject section */

/* Begin PBXResourcesBuildPhase section */
		2D157C2DEE5B4562B035CB80 /* Resources */ = {
			isa = PBXResourcesBuildPhase;
			buildActionMask = 2147483647;
			files = (
				85C280DF654E644B678A7908 /* Assets.xcassets in Resources */,
				CFDFD59D0A00473755E39B28 /* ai-engineer.json in Resources */,
				C0A7CB94D145D8C8ACEA8F1B /* security-engineering.json in Resources */,
			);
			runOnlyForDeploymentPostprocessing = 0;
		};
/* End PBXResourcesBuildPhase section */

/* Begin PBXSourcesBuildPhase section */
		6A672C30D46FA4172B187C31 /* Sources */ = {
			isa = PBXSourcesBuildPhase;
			buildActionMask = 2147483647;
			files = (
				29366D66A8D6279112D25EEE /* BuiltinPacksTests.swift in Sources */,
				337B1E17767E138AF44EA8D4 /* ByoKeyTests.swift in Sources */,
				F5887E0869B482BB64DF7D0E /* CoreadScoringTests.swift in Sources */,
				8FFEF7536EEB88B4ADF5CB65 /* ExplainPromptTests.swift in Sources */,
				4823EDDF5E54AFD727A94E38 /* ExplainRouteTests.swift in Sources */,
				4D46D1E8FE76F4B8D8824B3E /* FeedSyncTests.swift in Sources */,
				E672C856D5A49E3B95D90AE1 /* FullTextServiceTests.swift in Sources */,
				03F66B9690BA203BD931B93F /* GraphRenderingTests.swift in Sources */,
				7E39B00F888424CFF59C19D9 /* HabitEngineTests.swift in Sources */,
				2B0F53B77C274940C5C0D1F1 /* JourneyLedger.swift in Sources */,
				C9772C9336CD0D3D3A7EEBC3 /* JourneyLedgerTests.swift in Sources */,
				6E32EDEC254288E369341A50 /* KnowledgeEngineTests.swift in Sources */,
				13C837292A832847D26998B4 /* KnowledgePathTests.swift in Sources */,
				117C1701890EA77A9FFF1E2B /* PackDrivenPathTests.swift in Sources */,
				AD3AF80B7D4B0DC6B5720FA4 /* PackFileTests.swift in Sources */,
				B93232B2770B97869ACA2F64 /* PackInstallerTests.swift in Sources */,
				3E2BEB38EB4C7B866C5D2660 /* PackMigrationTests.swift in Sources */,
				E40589D4EFCCF41543C1C969 /* PackSelectionTests.swift in Sources */,
				453B0A7702E4A1224840AC2A /* RSSParserTests.swift in Sources */,
				C61784038E077262EF1F2A15 /* ResponseLimitTests.swift in Sources */,
				DABD57C8D910FBCA10AD84FD /* SemanticLinkerTests.swift in Sources */,
				1E177F824E7AD32EE4346C8B /* TopicSearchTests.swift in Sources */,
				938F03142455C084AD92D02F /* UITestLaunch.swift in Sources */,
				0E4A760C098CAEF67AB392C1 /* UITestLaunchTests.swift in Sources */,
				7EE8127BFC39B53B9442A4C5 /* WeeklyLearningIntentTests.swift in Sources */,
				F944E516BBFE88A84803266D /* WordSelectionTests.swift in Sources */,
			);
			runOnlyForDeploymentPostprocessing = 0;
		};
		B570EC0ABBD13E10C4F5A85F /* Sources */ = {
			isa = PBXSourcesBuildPhase;
			buildActionMask = 2147483647;
			files = (
				2777D9E0ED8A75F5D090EE41 /* ActivePackIdentity.swift in Sources */,
				81BED1514496A1784067284A /* AnthropicClient.swift in Sources */,
				9796E0FC34C8CE54E14845DA /* AppSchema.swift in Sources */,
				EC37A6EFCC4433454C4656EE /* Article.swift in Sources */,
				113632B5A6A20C4EDE618116 /* ArticleView.swift in Sources */,
				38E00AED36E3963C7E3DF030 /* BuiltinPacks.swift in Sources */,
				DDDAC96BF310C5958D0DB6C5 /* ClusterDetailView.swift in Sources */,
				C1F65670F6E83E3C7C1D4C31 /* Concept.swift in Sources */,
				865E0ABD1E3F4054EC686A96 /* ConceptDependency.swift in Sources */,
				86998CFB655967C45D6C4841 /* ConceptLink.swift in Sources */,
				11952B7F3953AE8B946E7181 /* ConceptSheetView.swift in Sources */,
				6BCBB97EDD258341FD8BF586 /* CoreadScoring.swift in Sources */,
				3DF2ADD656EC562F5C955453 /* ExplainPrompt.swift in Sources */,
				589977A315079BD373EB3AF2 /* ExplainRoute.swift in Sources */,
				54270DCF1E686461F4D799E8 /* FeedSource.swift in Sources */,
				053F38244CD10DA6ED77B640 /* FeedSyncService.swift in Sources */,
				55C48AE6CB76FD8C4B1ADA6A /* FeedView.swift in Sources */,
				3DC63038E15D9C51D29250FA /* ForceGraphView.swift in Sources */,
				2BA9F64AF3D7DFE40795F23E /* FullMapView.swift in Sources */,
				E11F2305E68B942DCA1715B4 /* FullTextService.swift in Sources */,
				46FE11B0203CB7421E08B2DD /* HabitEngine.swift in Sources */,
				0F072B9F11A0DE69DF17EE7E /* HotTopics.swift in Sources */,
				3C364DDB6D2D12B536FA8452 /* InstalledPack.swift in Sources */,
				76300C799239920856F4869D /* IntelligenceService.swift in Sources */,
				A12863526CABDA2078C6CC59 /* KeychainStore.swift in Sources */,
				4C714C5DB37A3929083FB727 /* KnowledgeEngine.swift in Sources */,
				888D419A0635DFE249F4C436 /* KnowledgeMapView.swift in Sources */,
				224ED54EE33733C483A7914F /* KnowledgePack.swift in Sources */,
				6F940C83DBFAE7041A7EDE25 /* KnowledgePathEngine.swift in Sources */,
				F4DF1AAEFC78C1B0B1F1193A /* LearningEvent.swift in Sources */,
				5CFCE9E2620A771B439CA427 /* OnboardingView.swift in Sources */,
				9A027009EB10BC820E82765E /* PackFile.swift in Sources */,
				1DE2B0C961EF8FA6EC20D428 /* PackInstaller.swift in Sources */,
				9FEFD5F2EBDE54F3A8D21D9D /* PackLibraryView.swift in Sources */,
				021E288FC44CF65EFE7CBD6C /* PackMigration.swift in Sources */,
				3CC4CB63D11DE86C76C05103 /* PackSourceOffer.swift in Sources */,
				2033BEA874209872876F143A /* PreviewData.swift in Sources */,
				787B5A057456E5A8138E7E57 /* ProgressTabView.swift in Sources */,
				7B67654466C221D28BE47D9B /* QuizEngine.swift in Sources */,
				8AFEE669B1C367C2D32B8F64 /* QuizView.swift in Sources */,
				8ED69BE743E9A55FDF347BA3 /* RSSParser.swift in Sources */,
				0535193E935F0CED17438D41 /* ResponseLimit.swift in Sources */,
				3E3CF15088A284E0EB84871C /* RootTabView.swift in Sources */,
				223A361D7999C367F1CF2752 /* SeedData.swift in Sources */,
				4A2B4EC62E3B4BF6E10CD9CC /* SelectableText.swift in Sources */,
				89FCE27365F457B468EACE6A /* SemanticLink.swift in Sources */,
				82F1A66E3841ED0A10F0386D /* SemanticLinker.swift in Sources */,
				D7B535CDDF16574CA88ED9CD /* SettingsView.swift in Sources */,
				55AEB1106174B5C14FB36FA2 /* TechPulseApp.swift in Sources */,
				2D8B0F0767C9B416C80DDB30 /* Theme.swift in Sources */,
				4BF6AF14EDF50A14C3F4205E /* TopicSearchService.swift in Sources */,
				AC269276B3F82B7025C3E3FB /* UITestSupport.swift in Sources */,
				6DFDE1DEEC1F113933A40FF6 /* WeeklyLearningIntent.swift in Sources */,
				82BC7E7FAD1FE1E81A71D54D /* WidgetRefresh.swift in Sources */,
				3BD95E1A61FCB6A0870E645E /* WidgetSnapshot.swift in Sources */,
				B7C6B1B4E08A10B0C7799FE7 /* WordSelection.swift in Sources */,
			);
			runOnlyForDeploymentPostprocessing = 0;
		};
		DC1921121290720293D71853 /* Sources */ = {
			isa = PBXSourcesBuildPhase;
			buildActionMask = 2147483647;
			files = (
				D9F11763811A1BE83B1BE472 /* StreakWidget.swift in Sources */,
				379C8AC4C5783CA1C638040C /* TechPulseWidgetBundle.swift in Sources */,
				6AB8436080975FE2867EBB47 /* Theme.swift in Sources */,
				25E574F9C9B98C8549587EAA /* WidgetSnapshot.swift in Sources */,
			);
			runOnlyForDeploymentPostprocessing = 0;
		};
		E7214F078D7C61C3F3020E2B /* Sources */ = {
			isa = PBXSourcesBuildPhase;
			buildActionMask = 2147483647;
			files = (
				B43E70327381BAB77E06FB3D /* Journey.swift in Sources */,
				3999C796E4420BAEE8E89466 /* JourneyLedger.swift in Sources */,
				96315EB538495DDC2CEFAAF0 /* TechPulseUITests.swift in Sources */,
				291AC0AD5362A7FD04FF36ED /* UITestLaunch.swift in Sources */,
			);
			runOnlyForDeploymentPostprocessing = 0;
		};
/* End PBXSourcesBuildPhase section */

/* Begin PBXTargetDependency section */
		417AD8EEDC38AA8AB5E68D05 /* PBXTargetDependency */ = {
			isa = PBXTargetDependency;
			target = F3F7C83075ABD86FE1E70F28 /* TechPulseWidgetExtension */;
			targetProxy = 2A90B792BBF9D5A99AC07C1D /* PBXContainerItemProxy */;
		};
		82AEDC26FB6DACA0667E4C4C /* PBXTargetDependency */ = {
			isa = PBXTargetDependency;
			target = 61378DF558204F1B586C78BF /* TechPulse */;
			targetProxy = 4FAA860F134517EFAB6AC2A2 /* PBXContainerItemProxy */;
		};
		DDB03E7F87A432699C7A5803 /* PBXTargetDependency */ = {
			isa = PBXTargetDependency;
			target = 61378DF558204F1B586C78BF /* TechPulse */;
			targetProxy = 23EEB900CA04DA2A551E1224 /* PBXContainerItemProxy */;
		};
/* End PBXTargetDependency section */

/* Begin XCBuildConfiguration section */
		2A514717469EC25E2E3C2E36 /* Release */ = {
			isa = XCBuildConfiguration;
			buildSettings = {
				BUNDLE_LOADER = "$(TEST_HOST)";
				GENERATE_INFOPLIST_FILE = YES;
				LD_RUNPATH_SEARCH_PATHS = (
					"$(inherited)",
					"@executable_path/Frameworks",
					"@loader_path/Frameworks",
				);
				PRODUCT_BUNDLE_IDENTIFIER = com.johnchen.TechPulseTests;
				SDKROOT = iphoneos;
				TARGETED_DEVICE_FAMILY = "1,2";
				TEST_HOST = "$(BUILT_PRODUCTS_DIR)/TechPulse.app/TechPulse";
			};
			name = Release;
		};
		2C3726628B78BD4B45F029C5 /* Debug */ = {
			isa = XCBuildConfiguration;
			buildSettings = {
				ALWAYS_SEARCH_USER_PATHS = NO;
				CLANG_ANALYZER_NONNULL = YES;
				CLANG_ANALYZER_NUMBER_OBJECT_CONVERSION = YES_AGGRESSIVE;
				CLANG_CXX_LANGUAGE_STANDARD = "gnu++14";
				CLANG_CXX_LIBRARY = "libc++";
				CLANG_ENABLE_MODULES = YES;
				CLANG_ENABLE_OBJC_ARC = YES;
				CLANG_ENABLE_OBJC_WEAK = YES;
				CLANG_WARN_BLOCK_CAPTURE_AUTORELEASING = YES;
				CLANG_WARN_BOOL_CONVERSION = YES;
				CLANG_WARN_COMMA = YES;
				CLANG_WARN_CONSTANT_CONVERSION = YES;
				CLANG_WARN_DEPRECATED_OBJC_IMPLEMENTATIONS = YES;
				CLANG_WARN_DIRECT_OBJC_ISA_USAGE = YES_ERROR;
				CLANG_WARN_DOCUMENTATION_COMMENTS = YES;
				CLANG_WARN_EMPTY_BODY = YES;
				CLANG_WARN_ENUM_CONVERSION = YES;
				CLANG_WARN_INFINITE_RECURSION = YES;
				CLANG_WARN_INT_CONVERSION = YES;
				CLANG_WARN_NON_LITERAL_NULL_CONVERSION = YES;
				CLANG_WARN_OBJC_IMPLICIT_RETAIN_SELF = YES;
				CLANG_WARN_OBJC_LITERAL_CONVERSION = YES;
				CLANG_WARN_OBJC_ROOT_CLASS = YES_ERROR;
				CLANG_WARN_QUOTED_INCLUDE_IN_FRAMEWORK_HEADER = YES;
				CLANG_WARN_RANGE_LOOP_ANALYSIS = YES;
				CLANG_WARN_STRICT_PROTOTYPES = YES;
				CLANG_WARN_SUSPICIOUS_MOVE = YES;
				CLANG_WARN_UNGUARDED_AVAILABILITY = YES_AGGRESSIVE;
				CLANG_WARN_UNREACHABLE_CODE = YES;
				CLANG_WARN__DUPLICATE_METHOD_MATCH = YES;
				COPY_PHASE_STRIP = NO;
				DEBUG_INFORMATION_FORMAT = dwarf;
				ENABLE_STRICT_OBJC_MSGSEND = YES;
				ENABLE_TESTABILITY = YES;
				GCC_C_LANGUAGE_STANDARD = gnu11;
				GCC_DYNAMIC_NO_PIC = NO;
				GCC_NO_COMMON_BLOCKS = YES;
				GCC_OPTIMIZATION_LEVEL = 0;
				GCC_PREPROCESSOR_DEFINITIONS = (
					"$(inherited)",
					"DEBUG=1",
				);
				GCC_WARN_64_TO_32_BIT_CONVERSION = YES;
				GCC_WARN_ABOUT_RETURN_TYPE = YES_ERROR;
				GCC_WARN_UNDECLARED_SELECTOR = YES;
				GCC_WARN_UNINITIALIZED_AUTOS = YES_AGGRESSIVE;
				GCC_WARN_UNUSED_FUNCTION = YES;
				GCC_WARN_UNUSED_VARIABLE = YES;
				IPHONEOS_DEPLOYMENT_TARGET = 26.0;
				MTL_ENABLE_DEBUG_INFO = INCLUDE_SOURCE;
				MTL_FAST_MATH = YES;
				ONLY_ACTIVE_ARCH = YES;
				PRODUCT_NAME = "$(TARGET_NAME)";
				SDKROOT = iphoneos;
				SWIFT_ACTIVE_COMPILATION_CONDITIONS = DEBUG;
				SWIFT_OPTIMIZATION_LEVEL = "-Onone";
				SWIFT_STRICT_CONCURRENCY = complete;
				SWIFT_VERSION = 6.0;
			};
			name = Debug;
		};
		3F304AA540FFB884DF690C2B /* Debug */ = {
			isa = XCBuildConfiguration;
			buildSettings = {
				CODE_SIGN_ENTITLEMENTS = TechPulseWidget/TechPulseWidget.entitlements;
				CODE_SIGN_STYLE = Automatic;
				INFOPLIST_FILE = TechPulseWidget/Info.plist;
				LD_RUNPATH_SEARCH_PATHS = (
					"$(inherited)",
					"@executable_path/Frameworks",
					"@executable_path/../../Frameworks",
				);
				PRODUCT_BUNDLE_IDENTIFIER = com.johnchen.TechPulse.widget;
				SDKROOT = iphoneos;
				TARGETED_DEVICE_FAMILY = 1;
			};
			name = Debug;
		};
		56D4D223842092420DB3B2A0 /* Debug */ = {
			isa = XCBuildConfiguration;
			buildSettings = {
				ASSETCATALOG_COMPILER_APPICON_NAME = AppIcon;
				CODE_SIGN_ENTITLEMENTS = TechPulse/TechPulse.entitlements;
				CODE_SIGN_IDENTITY = "iPhone Developer";
				CODE_SIGN_STYLE = Automatic;
				INFOPLIST_FILE = TechPulse/Info.plist;
				LD_RUNPATH_SEARCH_PATHS = (
					"$(inherited)",
					"@executable_path/Frameworks",
				);
				PRODUCT_BUNDLE_IDENTIFIER = com.johnchen.TechPulse;
				SDKROOT = iphoneos;
				TARGETED_DEVICE_FAMILY = 1;
			};
			name = Debug;
		};
		72F6F1C0507CBF7966E1FF0A /* Release */ = {
			isa = XCBuildConfiguration;
			buildSettings = {
				CODE_SIGN_ENTITLEMENTS = TechPulseWidget/TechPulseWidget.entitlements;
				CODE_SIGN_STYLE = Automatic;
				INFOPLIST_FILE = TechPulseWidget/Info.plist;
				LD_RUNPATH_SEARCH_PATHS = (
					"$(inherited)",
					"@executable_path/Frameworks",
					"@executable_path/../../Frameworks",
				);
				PRODUCT_BUNDLE_IDENTIFIER = com.johnchen.TechPulse.widget;
				SDKROOT = iphoneos;
				TARGETED_DEVICE_FAMILY = 1;
			};
			name = Release;
		};
		9AC34C00D9D86A9F2EFC1D0C /* Debug */ = {
			isa = XCBuildConfiguration;
			buildSettings = {
				BUNDLE_LOADER = "$(TEST_HOST)";
				GENERATE_INFOPLIST_FILE = YES;
				LD_RUNPATH_SEARCH_PATHS = (
					"$(inherited)",
					"@executable_path/Frameworks",
					"@loader_path/Frameworks",
				);
				PRODUCT_BUNDLE_IDENTIFIER = com.johnchen.TechPulseUITests;
				SDKROOT = iphoneos;
				TARGETED_DEVICE_FAMILY = "1,2";
				TEST_TARGET_NAME = TechPulse;
			};
			name = Debug;
		};
		C38EA6CA5B0B51945B260B82 /* Release */ = {
			isa = XCBuildConfiguration;
			buildSettings = {
				BUNDLE_LOADER = "$(TEST_HOST)";
				GENERATE_INFOPLIST_FILE = YES;
				LD_RUNPATH_SEARCH_PATHS = (
					"$(inherited)",
					"@executable_path/Frameworks",
					"@loader_path/Frameworks",
				);
				PRODUCT_BUNDLE_IDENTIFIER = com.johnchen.TechPulseUITests;
				SDKROOT = iphoneos;
				TARGETED_DEVICE_FAMILY = "1,2";
				TEST_TARGET_NAME = TechPulse;
			};
			name = Release;
		};
		D6D7488A02B052BB30F34002 /* Release */ = {
			isa = XCBuildConfiguration;
			buildSettings = {
				ALWAYS_SEARCH_USER_PATHS = NO;
				CLANG_ANALYZER_NONNULL = YES;
				CLANG_ANALYZER_NUMBER_OBJECT_CONVERSION = YES_AGGRESSIVE;
				CLANG_CXX_LANGUAGE_STANDARD = "gnu++14";
				CLANG_CXX_LIBRARY = "libc++";
				CLANG_ENABLE_MODULES = YES;
				CLANG_ENABLE_OBJC_ARC = YES;
				CLANG_ENABLE_OBJC_WEAK = YES;
				CLANG_WARN_BLOCK_CAPTURE_AUTORELEASING = YES;
				CLANG_WARN_BOOL_CONVERSION = YES;
				CLANG_WARN_COMMA = YES;
				CLANG_WARN_CONSTANT_CONVERSION = YES;
				CLANG_WARN_DEPRECATED_OBJC_IMPLEMENTATIONS = YES;
				CLANG_WARN_DIRECT_OBJC_ISA_USAGE = YES_ERROR;
				CLANG_WARN_DOCUMENTATION_COMMENTS = YES;
				CLANG_WARN_EMPTY_BODY = YES;
				CLANG_WARN_ENUM_CONVERSION = YES;
				CLANG_WARN_INFINITE_RECURSION = YES;
				CLANG_WARN_INT_CONVERSION = YES;
				CLANG_WARN_NON_LITERAL_NULL_CONVERSION = YES;
				CLANG_WARN_OBJC_IMPLICIT_RETAIN_SELF = YES;
				CLANG_WARN_OBJC_LITERAL_CONVERSION = YES;
				CLANG_WARN_OBJC_ROOT_CLASS = YES_ERROR;
				CLANG_WARN_QUOTED_INCLUDE_IN_FRAMEWORK_HEADER = YES;
				CLANG_WARN_RANGE_LOOP_ANALYSIS = YES;
				CLANG_WARN_STRICT_PROTOTYPES = YES;
				CLANG_WARN_SUSPICIOUS_MOVE = YES;
				CLANG_WARN_UNGUARDED_AVAILABILITY = YES_AGGRESSIVE;
				CLANG_WARN_UNREACHABLE_CODE = YES;
				CLANG_WARN__DUPLICATE_METHOD_MATCH = YES;
				COPY_PHASE_STRIP = NO;
				DEBUG_INFORMATION_FORMAT = "dwarf-with-dsym";
				ENABLE_NS_ASSERTIONS = NO;
				ENABLE_STRICT_OBJC_MSGSEND = YES;
				GCC_C_LANGUAGE_STANDARD = gnu11;
				GCC_NO_COMMON_BLOCKS = YES;
				GCC_WARN_64_TO_32_BIT_CONVERSION = YES;
				GCC_WARN_ABOUT_RETURN_TYPE = YES_ERROR;
				GCC_WARN_UNDECLARED_SELECTOR = YES;
				GCC_WARN_UNINITIALIZED_AUTOS = YES_AGGRESSIVE;
				GCC_WARN_UNUSED_FUNCTION = YES;
				GCC_WARN_UNUSED_VARIABLE = YES;
				IPHONEOS_DEPLOYMENT_TARGET = 26.0;
				MTL_ENABLE_DEBUG_INFO = NO;
				MTL_FAST_MATH = YES;
				PRODUCT_NAME = "$(TARGET_NAME)";
				SDKROOT = iphoneos;
				SWIFT_COMPILATION_MODE = wholemodule;
				SWIFT_OPTIMIZATION_LEVEL = "-O";
				SWIFT_STRICT_CONCURRENCY = complete;
				SWIFT_VERSION = 6.0;
			};
			name = Release;
		};
		DD22ABAA43AABB78F2C34F01 /* Debug */ = {
			isa = XCBuildConfiguration;
			buildSettings = {
				BUNDLE_LOADER = "$(TEST_HOST)";
				GENERATE_INFOPLIST_FILE = YES;
				LD_RUNPATH_SEARCH_PATHS = (
					"$(inherited)",
					"@executable_path/Frameworks",
					"@loader_path/Frameworks",
				);
				PRODUCT_BUNDLE_IDENTIFIER = com.johnchen.TechPulseTests;
				SDKROOT = iphoneos;
				TARGETED_DEVICE_FAMILY = "1,2";
				TEST_HOST = "$(BUILT_PRODUCTS_DIR)/TechPulse.app/TechPulse";
			};
			name = Debug;
		};
		FF9C3C200BAC59AE22E954CE /* Release */ = {
			isa = XCBuildConfiguration;
			buildSettings = {
				ASSETCATALOG_COMPILER_APPICON_NAME = AppIcon;
				CODE_SIGN_ENTITLEMENTS = TechPulse/TechPulse.entitlements;
				CODE_SIGN_IDENTITY = "iPhone Developer";
				CODE_SIGN_STYLE = Automatic;
				INFOPLIST_FILE = TechPulse/Info.plist;
				LD_RUNPATH_SEARCH_PATHS = (
					"$(inherited)",
					"@executable_path/Frameworks",
				);
				PRODUCT_BUNDLE_IDENTIFIER = com.johnchen.TechPulse;
				SDKROOT = iphoneos;
				TARGETED_DEVICE_FAMILY = 1;
			};
			name = Release;
		};
/* End XCBuildConfiguration section */

/* Begin XCConfigurationList section */
		148E101D955BDCEAAD4FA8A3 /* Build configuration list for PBXNativeTarget "TechPulseTests" */ = {
			isa = XCConfigurationList;
			buildConfigurations = (
				DD22ABAA43AABB78F2C34F01 /* Debug */,
				2A514717469EC25E2E3C2E36 /* Release */,
			);
			defaultConfigurationIsVisible = 0;
			defaultConfigurationName = Debug;
		};
		2A9AAC1E2F0B1D7208197294 /* Build configuration list for PBXProject "TechPulse" */ = {
			isa = XCConfigurationList;
			buildConfigurations = (
				2C3726628B78BD4B45F029C5 /* Debug */,
				D6D7488A02B052BB30F34002 /* Release */,
			);
			defaultConfigurationIsVisible = 0;
			defaultConfigurationName = Debug;
		};
		834A373E83094BDBE0595F5D /* Build configuration list for PBXNativeTarget "TechPulseUITests" */ = {
			isa = XCConfigurationList;
			buildConfigurations = (
				9AC34C00D9D86A9F2EFC1D0C /* Debug */,
				C38EA6CA5B0B51945B260B82 /* Release */,
			);
			defaultConfigurationIsVisible = 0;
			defaultConfigurationName = Debug;
		};
		C34831F2AC3F861603585F2C /* Build configuration list for PBXNativeTarget "TechPulse" */ = {
			isa = XCConfigurationList;
			buildConfigurations = (
				56D4D223842092420DB3B2A0 /* Debug */,
				FF9C3C200BAC59AE22E954CE /* Release */,
			);
			defaultConfigurationIsVisible = 0;
			defaultConfigurationName = Debug;
		};
		DE44AD95714CA5F7FA256069 /* Build configuration list for PBXNativeTarget "TechPulseWidgetExtension" */ = {
			isa = XCConfigurationList;
			buildConfigurations = (
				3F304AA540FFB884DF690C2B /* Debug */,
				72F6F1C0507CBF7966E1FF0A /* Release */,
			);
			defaultConfigurationIsVisible = 0;
			defaultConfigurationName = Debug;
		};
/* End XCConfigurationList section */
	};
	rootObject = 1173EF6787E0BCFFA42533AF /* Project object */;
}
