// !$*UTF8*$!
{
	archiveVersion = 1;
	classes = {
	};
	objectVersion = 77;
	objects = {

/* Begin PBXBuildFile section */
		053F38244CD10DA6ED77B640 /* FeedSyncService.swift in Sources */ = {isa = PBXBuildFile; fileRef = 626B44DBD4047ED09444071D /* FeedSyncService.swift */; };
		113632B5A6A20C4EDE618116 /* ArticleView.swift in Sources */ = {isa = PBXBuildFile; fileRef = 8BA7BA225FFE6F945A9104EE /* ArticleView.swift */; };
		11952B7F3953AE8B946E7181 /* ConceptSheetView.swift in Sources */ = {isa = PBXBuildFile; fileRef = F3E99D5A4574651A0F930761 /* ConceptSheetView.swift */; };
		2033BEA874209872876F143A /* PreviewData.swift in Sources */ = {isa = PBXBuildFile; fileRef = C026D81A3625A7A0FFB671BA /* PreviewData.swift */; };
		223A361D7999C367F1CF2752 /* SeedData.swift in Sources */ = {isa = PBXBuildFile; fileRef = D54D627FAD26DF0C72127B94 /* SeedData.swift */; };
		2D8B0F0767C9B416C80DDB30 /* Theme.swift in Sources */ = {isa = PBXBuildFile; fileRef = 2B07EE9C61977870716F7F9E /* Theme.swift */; };
		3DC63038E15D9C51D29250FA /* ForceGraphView.swift in Sources */ = {isa = PBXBuildFile; fileRef = 2A8587075ACC8C5B50E579FD /* ForceGraphView.swift */; };
		3E3CF15088A284E0EB84871C /* RootTabView.swift in Sources */ = {isa = PBXBuildFile; fileRef = 21B90CCA674EAE8D32108CD3 /* RootTabView.swift */; };
		453B0A7702E4A1224840AC2A /* RSSParserTests.swift in Sources */ = {isa = PBXBuildFile; fileRef = 3888CD6831CCA2655369901B /* RSSParserTests.swift */; };
		4C714C5DB37A3929083FB727 /* KnowledgeEngine.swift in Sources */ = {isa = PBXBuildFile; fileRef = 4AD1BC18D4319A7AA8A7A80A /* KnowledgeEngine.swift */; };
		54270DCF1E686461F4D799E8 /* FeedSource.swift in Sources */ = {isa = PBXBuildFile; fileRef = 9F913F99EDEF0C8346A46BF8 /* FeedSource.swift */; };
		55AEB1106174B5C14FB36FA2 /* TechPulseApp.swift in Sources */ = {isa = PBXBuildFile; fileRef = DFCD8E2B92F580179B914CAB /* TechPulseApp.swift */; };
		55C48AE6CB76FD8C4B1ADA6A /* FeedView.swift in Sources */ = {isa = PBXBuildFile; fileRef = 21E4491DBD576D7C3A194CF7 /* FeedView.swift */; };
		6DFDE1DEEC1F113933A40FF6 /* WeeklyLearningIntent.swift in Sources */ = {isa = PBXBuildFile; fileRef = 4C0794BD56A9EDCCBA857486 /* WeeklyLearningIntent.swift */; };
		6E32EDEC254288E369341A50 /* KnowledgeEngineTests.swift in Sources */ = {isa = PBXBuildFile; fileRef = 3217DDB8C0FCEF782C439924 /* KnowledgeEngineTests.swift */; };
		76300C799239920856F4869D /* IntelligenceService.swift in Sources */ = {isa = PBXBuildFile; fileRef = EB39432F3B7A188E92A963D0 /* IntelligenceService.swift */; };
		787B5A057456E5A8138E7E57 /* ProgressTabView.swift in Sources */ = {isa = PBXBuildFile; fileRef = 0B5DEA33C7F76331B8669A39 /* ProgressTabView.swift */; };
		7B67654466C221D28BE47D9B /* QuizEngine.swift in Sources */ = {isa = PBXBuildFile; fileRef = B0B5916628B4441F136B85D0 /* QuizEngine.swift */; };
		86998CFB655967C45D6C4841 /* ConceptLink.swift in Sources */ = {isa = PBXBuildFile; fileRef = C9C5ED2D37A3357AEFA26968 /* ConceptLink.swift */; };
		888D419A0635DFE249F4C436 /* KnowledgeMapView.swift in Sources */ = {isa = PBXBuildFile; fileRef = F518937E357D9640AB20F567 /* KnowledgeMapView.swift */; };
		8AFEE669B1C367C2D32B8F64 /* QuizView.swift in Sources */ = {isa = PBXBuildFile; fileRef = 1BC5918EC41E2DC2BE2E6884 /* QuizView.swift */; };
		8ED69BE743E9A55FDF347BA3 /* RSSParser.swift in Sources */ = {isa = PBXBuildFile; fileRef = 913AB0648317CE52447B34D6 /* RSSParser.swift */; };
		96315EB538495DDC2CEFAAF0 /* TechPulseUITests.swift in Sources */ = {isa = PBXBuildFile; fileRef = EE45300FDDCED3CAA7416DFF /* TechPulseUITests.swift */; };
		C1F65670F6E83E3C7C1D4C31 /* Concept.swift in Sources */ = {isa = PBXBuildFile; fileRef = ED47D39B166251E56D6F8BF5 /* Concept.swift */; };
		D7B535CDDF16574CA88ED9CD /* SettingsView.swift in Sources */ = {isa = PBXBuildFile; fileRef = 064A64AB8DE1CF19F91AF0D7 /* SettingsView.swift */; };
		EC37A6EFCC4433454C4656EE /* Article.swift in Sources */ = {isa = PBXBuildFile; fileRef = E4185C93CEBFBE8C369F380C /* Article.swift */; };
		F4DF1AAEFC78C1B0B1F1193A /* LearningEvent.swift in Sources */ = {isa = PBXBuildFile; fileRef = DC4B49A1EFCB17ECF852B046 /* LearningEvent.swift */; };
/* End PBXBuildFile section */

/* Begin PBXContainerItemProxy section */
		23EEB900CA04DA2A551E1224 /* PBXContainerItemProxy */ = {
			isa = PBXContainerItemProxy;
			containerPortal = 1173EF6787E0BCFFA42533AF /* Project object */;
			proxyType = 1;
			remoteGlobalIDString = 61378DF558204F1B586C78BF;
			remoteInfo = TechPulse;
		};
		4FAA860F134517EFAB6AC2A2 /* PBXContainerItemProxy */ = {
			isa = PBXContainerItemProxy;
			containerPortal = 1173EF6787E0BCFFA42533AF /* Project object */;
			proxyType = 1;
			remoteGlobalIDString = 61378DF558204F1B586C78BF;
			remoteInfo = TechPulse;
		};
/* End PBXContainerItemProxy section */

/* Begin PBXFileReference section */
		064A64AB8DE1CF19F91AF0D7 /* SettingsView.swift */ = {isa = PBXFileReference; lastKnownFileType = sourcecode.swift; path = SettingsView.swift; sourceTree = "<group>"; };
		0B5DEA33C7F76331B8669A39 /* ProgressTabView.swift */ = {isa = PBXFileReference; lastKnownFileType = sourcecode.swift; path = ProgressTabView.swift; sourceTree = "<group>"; };
		1BC5918EC41E2DC2BE2E6884 /* QuizView.swift */ = {isa = PBXFileReference; lastKnownFileType = sourcecode.swift; path = QuizView.swift; sourceTree = "<group>"; };
		21B90CCA674EAE8D32108CD3 /* RootTabView.swift */ = {isa = PBXFileReference; lastKnownFileType = sourcecode.swift; path = RootTabView.swift; sourceTree = "<group>"; };
		21E4491DBD576D7C3A194CF7 /* FeedView.swift */ = {isa = PBXFileReference; lastKnownFileType = sourcecode.swift; path = FeedView.swift; sourceTree = "<group>"; };
		2A8587075ACC8C5B50E579FD /* ForceGraphView.swift */ = {isa = PBXFileReference; lastKnownFileType = sourcecode.swift; path = ForceGraphView.swift; sourceTree = "<group>"; };
		2B07EE9C61977870716F7F9E /* Theme.swift */ = {isa = PBXFileReference; lastKnownFileType = sourcecode.swift; path = Theme.swift; sourceTree = "<group>"; };
		3217DDB8C0FCEF782C439924 /* KnowledgeEngineTests.swift */ = {isa = PBXFileReference; lastKnownFileType = sourcecode.swift; path = KnowledgeEngineTests.swift; sourceTree = "<group>"; };
		3888CD6831CCA2655369901B /* RSSParserTests.swift */ = {isa = PBXFileReference; lastKnownFileType = sourcecode.swift; path = RSSParserTests.swift; sourceTree = "<group>"; };
		4AD1BC18D4319A7AA8A7A80A /* KnowledgeEngine.swift */ = {isa = PBXFileReference; lastKnownFileType = sourcecode.swift; path = KnowledgeEngine.swift; sourceTree = "<group>"; };
		4C0794BD56A9EDCCBA857486 /* WeeklyLearningIntent.swift */ = {isa = PBXFileReference; lastKnownFileType = sourcecode.swift; path = WeeklyLearningIntent.swift; sourceTree = "<group>"; };
		617B35B67651116A05F5ADB6 /* TechPulse.app */ = {isa = PBXFileReference; includeInIndex = 0; lastKnownFileType = wrapper.application; path = TechPulse.app; sourceTree = BUILT_PRODUCTS_DIR; };
		626B44DBD4047ED09444071D /* FeedSyncService.swift */ = {isa = PBXFileReference; lastKnownFileType = sourcecode.swift; path = FeedSyncService.swift; sourceTree = "<group>"; };
		8BA7BA225FFE6F945A9104EE /* ArticleView.swift */ = {isa = PBXFileReference; lastKnownFileType = sourcecode.swift; path = ArticleView.swift; sourceTree = "<group>"; };
		913AB0648317CE52447B34D6 /* RSSParser.swift */ = {isa = PBXFileReference; lastKnownFileType = sourcecode.swift; path = RSSParser.swift; sourceTree = "<group>"; };
		9F913F99EDEF0C8346A46BF8 /* FeedSource.swift */ = {isa = PBXFileReference; lastKnownFileType = sourcecode.swift; path = FeedSource.swift; sourceTree = "<group>"; };
		B0B5916628B4441F136B85D0 /* QuizEngine.swift */ = {isa = PBXFileReference; lastKnownFileType = sourcecode.swift; path = QuizEngine.swift; sourceTree = "<group>"; };
		B2DB7FEBA756BC17F361DBE8 /* TechPulseTests.xctest */ = {isa = PBXFileReference; includeInIndex = 0; lastKnownFileType = wrapper.cfbundle; path = TechPulseTests.xctest; sourceTree = BUILT_PRODUCTS_DIR; };
		C026D81A3625A7A0FFB671BA /* PreviewData.swift */ = {isa = PBXFileReference; lastKnownFileType = sourcecode.swift; path = PreviewData.swift; sourceTree = "<group>"; };
		C4F10364098E372489FBE22C /* TechPulseUITests.xctest */ = {isa = PBXFileReference; includeInIndex = 0; lastKnownFileType = wrapper.cfbundle; path = TechPulseUITests.xctest; sourceTree = BUILT_PRODUCTS_DIR; };
		C9C5ED2D37A3357AEFA26968 /* ConceptLink.swift */ = {isa = PBXFileReference; lastKnownFileType = sourcecode.swift; path = ConceptLink.swift; sourceTree = "<group>"; };
		D54D627FAD26DF0C72127B94 /* SeedData.swift */ = {isa = PBXFileReference; lastKnownFileType = sourcecode.swift; path = SeedData.swift; sourceTree = "<group>"; };
		DC4B49A1EFCB17ECF852B046 /* LearningEvent.swift */ = {isa = PBXFileReference; lastKnownFileType = sourcecode.swift; path = LearningEvent.swift; sourceTree = "<group>"; };
		DFCD8E2B92F580179B914CAB /* TechPulseApp.swift */ = {isa = PBXFileReference; lastKnownFileType = sourcecode.swift; path = TechPulseApp.swift; sourceTree = "<group>"; };
		E4185C93CEBFBE8C369F380C /* Article.swift */ = {isa = PBXFileReference; lastKnownFileType = sourcecode.swift; path = Article.swift; sourceTree = "<group>"; };
		EB39432F3B7A188E92A963D0 /* IntelligenceService.swift */ = {isa = PBXFileReference; lastKnownFileType = sourcecode.swift; path = IntelligenceService.swift; sourceTree = "<group>"; };
		ED47D39B166251E56D6F8BF5 /* Concept.swift */ = {isa = PBXFileReference; lastKnownFileType = sourcecode.swift; path = Concept.swift; sourceTree = "<group>"; };
		EE45300FDDCED3CAA7416DFF /* TechPulseUITests.swift */ = {isa = PBXFileReference; lastKnownFileType = sourcecode.swift; path = TechPulseUITests.swift; sourceTree = "<group>"; };
		F3A91E232A4865C54B96A6F7 /* Info.plist */ = {isa = PBXFileReference; lastKnownFileType = text.plist; path = Info.plist; sourceTree = "<group>"; };
		F3E99D5A4574651A0F930761 /* ConceptSheetView.swift */ = {isa = PBXFileReference; lastKnownFileType = sourcecode.swift; path = ConceptSheetView.swift; sourceTree = "<group>"; };
		F518937E357D9640AB20F567 /* KnowledgeMapView.swift */ = {isa = PBXFileReference; lastKnownFileType = sourcecode.swift; path = KnowledgeMapView.swift; sourceTree = "<group>"; };
/* End PBXFileReference section */

/* Begin PBXGroup section */
		04FA278C00ACCCE3E80B68B5 /* Models */ = {
			isa = PBXGroup;
			children = (
				E4185C93CEBFBE8C369F380C /* Article.swift */,
				ED47D39B166251E56D6F8BF5 /* Concept.swift */,
				C9C5ED2D37A3357AEFA26968 /* ConceptLink.swift */,
				9F913F99EDEF0C8346A46BF8 /* FeedSource.swift */,
				DC4B49A1EFCB17ECF852B046 /* LearningEvent.swift */,
			);
			path = Models;
			sourceTree = "<group>";
		};
		0682B3B536D855EB337757D7 /* TechPulse */ = {
			isa = PBXGroup;
			children = (
				F3A91E232A4865C54B96A6F7 /* Info.plist */,
				DFCD8E2B92F580179B914CAB /* TechPulseApp.swift */,
				61BA340C1EB9BBBA939C8C94 /* Intents */,
				04FA278C00ACCCE3E80B68B5 /* Models */,
				771701C748C25A097B798E81 /* Services */,
				3EA890FD792BD6D33A615BF0 /* Views */,
			);
			path = TechPulse;
			sourceTree = "<group>";
		};
		2C7CC2CCBA9561C078327AB0 /* UITests */ = {
			isa = PBXGroup;
			children = (
				EE45300FDDCED3CAA7416DFF /* TechPulseUITests.swift */,
			);
			name = UITests;
			path = Tests/UITests;
			sourceTree = "<group>";
		};
		3EA890FD792BD6D33A615BF0 /* Views */ = {
			isa = PBXGroup;
			children = (
				8BA7BA225FFE6F945A9104EE /* ArticleView.swift */,
				F3E99D5A4574651A0F930761 /* ConceptSheetView.swift */,
				21E4491DBD576D7C3A194CF7 /* FeedView.swift */,
				2A8587075ACC8C5B50E579FD /* ForceGraphView.swift */,
				F518937E357D9640AB20F567 /* KnowledgeMapView.swift */,
				0B5DEA33C7F76331B8669A39 /* ProgressTabView.swift */,
				1BC5918EC41E2DC2BE2E6884 /* QuizView.swift */,
				21B90CCA674EAE8D32108CD3 /* RootTabView.swift */,
				064A64AB8DE1CF19F91AF0D7 /* SettingsView.swift */,
				2B07EE9C61977870716F7F9E /* Theme.swift */,
			);
			path = Views;
			sourceTree = "<group>";
		};
		42808836D652AEAA9ED8F4F2 /* UnitTests */ = {
			isa = PBXGroup;
			children = (
				3217DDB8C0FCEF782C439924 /* KnowledgeEngineTests.swift */,
				3888CD6831CCA2655369901B /* RSSParserTests.swift */,
			);
			name = UnitTests;
			path = Tests/UnitTests;
			sourceTree = "<group>";
		};
		54626F69B4469EECF9A9A636 /* Products */ = {
			isa = PBXGroup;
			children = (
				617B35B67651116A05F5ADB6 /* TechPulse.app */,
				B2DB7FEBA756BC17F361DBE8 /* TechPulseTests.xctest */,
				C4F10364098E372489FBE22C /* TechPulseUITests.xctest */,
			);
			name = Products;
			sourceTree = "<group>";
		};
		61BA340C1EB9BBBA939C8C94 /* Intents */ = {
			isa = PBXGroup;
			children = (
				4C0794BD56A9EDCCBA857486 /* WeeklyLearningIntent.swift */,
			);
			path = Intents;
			sourceTree = "<group>";
		};
		771701C748C25A097B798E81 /* Services */ = {
			isa = PBXGroup;
			children = (
				626B44DBD4047ED09444071D /* FeedSyncService.swift */,
				EB39432F3B7A188E92A963D0 /* IntelligenceService.swift */,
				4AD1BC18D4319A7AA8A7A80A /* KnowledgeEngine.swift */,
				C026D81A3625A7A0FFB671BA /* PreviewData.swift */,
				B0B5916628B4441F136B85D0 /* QuizEngine.swift */,
				913AB0648317CE52447B34D6 /* RSSParser.swift */,
				D54D627FAD26DF0C72127B94 /* SeedData.swift */,
			);
			path = Services;
			sourceTree = "<group>";
		};
		C4B48B966DA45FEBD6DF9325 = {
			isa = PBXGroup;
			children = (
				0682B3B536D855EB337757D7 /* TechPulse */,
				2C7CC2CCBA9561C078327AB0 /* UITests */,
				42808836D652AEAA9ED8F4F2 /* UnitTests */,
				54626F69B4469EECF9A9A636 /* Products */,
			);
			sourceTree = "<group>";
		};
/* End PBXGroup section */

/* Begin PBXNativeTarget section */
		61378DF558204F1B586C78BF /* TechPulse */ = {
			isa = PBXNativeTarget;
			buildConfigurationList = C34831F2AC3F861603585F2C /* Build configuration list for PBXNativeTarget "TechPulse" */;
			buildPhases = (
				B570EC0ABBD13E10C4F5A85F /* Sources */,
			);
			buildRules = (
			);
			dependencies = (
			);
			name = TechPulse;
			packageProductDependencies = (
			);
			productName = TechPulse;
			productReference = 617B35B67651116A05F5ADB6 /* TechPulse.app */;
			productType = "com.apple.product-type.application";
		};
		679C77D1ADE08B6AF4882EAC /* TechPulseUITests */ = {
			isa = PBXNativeTarget;
			buildConfigurationList = 834A373E83094BDBE0595F5D /* Build configuration list for PBXNativeTarget "TechPulseUITests" */;
			buildPhases = (
				E7214F078D7C61C3F3020E2B /* Sources */,
			);
			buildRules = (
			);
			dependencies = (
				82AEDC26FB6DACA0667E4C4C /* PBXTargetDependency */,
			);
			name = TechPulseUITests;
			packageProductDependencies = (
			);
			productName = TechPulseUITests;
			productReference = C4F10364098E372489FBE22C /* TechPulseUITests.xctest */;
			productType = "com.apple.product-type.bundle.ui-testing";
		};
		92A8764FF7FBD80FF290D59D /* TechPulseTests */ = {
			isa = PBXNativeTarget;
			buildConfigurationList = 148E101D955BDCEAAD4FA8A3 /* Build configuration list for PBXNativeTarget "TechPulseTests" */;
			buildPhases = (
				6A672C30D46FA4172B187C31 /* Sources */,
			);
			buildRules = (
			);
			dependencies = (
				DDB03E7F87A432699C7A5803 /* PBXTargetDependency */,
			);
			name = TechPulseTests;
			packageProductDependencies = (
			);
			productName = TechPulseTests;
			productReference = B2DB7FEBA756BC17F361DBE8 /* TechPulseTests.xctest */;
			productType = "com.apple.product-type.bundle.unit-test";
		};
/* End PBXNativeTarget section */

/* Begin PBXProject section */
		1173EF6787E0BCFFA42533AF /* Project object */ = {
			isa = PBXProject;
			attributes = {
				BuildIndependentTargetsInParallel = YES;
				LastUpgradeCheck = 1430;
				TargetAttributes = {
					61378DF558204F1B586C78BF = {
						ProvisioningStyle = Automatic;
					};
					679C77D1ADE08B6AF4882EAC = {
						TestTargetID = 61378DF558204F1B586C78BF;
					};
				};
			};
			buildConfigurationList = 2A9AAC1E2F0B1D7208197294 /* Build configuration list for PBXProject "TechPulse" */;
			developmentRegion = en;
			hasScannedForEncodings = 0;
			knownRegions = (
				Base,
				en,
			);
			mainGroup = C4B48B966DA45FEBD6DF9325;
			minimizedProjectReferenceProxies = 1;
			preferredProjectObjectVersion = 77;
			productRefGroup = 54626F69B4469EECF9A9A636 /* Products */;
			projectDirPath = "";
			projectRoot = "";
			targets = (
				61378DF558204F1B586C78BF /* TechPulse */,
				92A8764FF7FBD80FF290D59D /* TechPulseTests */,
				679C77D1ADE08B6AF4882EAC /* TechPulseUITests */,
			);
		};
/* End PBXProject section */

/* Begin PBXSourcesBuildPhase section */
		6A672C30D46FA4172B187C31 /* Sources */ = {
			isa = PBXSourcesBuildPhase;
			buildActionMask = 2147483647;
			files = (
				6E32EDEC254288E369341A50 /* KnowledgeEngineTests.swift in Sources */,
				453B0A7702E4A1224840AC2A /* RSSParserTests.swift in Sources */,
			);
			runOnlyForDeploymentPostprocessing = 0;
		};
		B570EC0ABBD13E10C4F5A85F /* Sources */ = {
			isa = PBXSourcesBuildPhase;
			buildActionMask = 2147483647;
			files = (
				EC37A6EFCC4433454C4656EE /* Article.swift in Sources */,
				113632B5A6A20C4EDE618116 /* ArticleView.swift in Sources */,
				C1F65670F6E83E3C7C1D4C31 /* Concept.swift in Sources */,
				86998CFB655967C45D6C4841 /* ConceptLink.swift in Sources */,
				11952B7F3953AE8B946E7181 /* ConceptSheetView.swift in Sources */,
				54270DCF1E686461F4D799E8 /* FeedSource.swift in Sources */,
				053F38244CD10DA6ED77B640 /* FeedSyncService.swift in Sources */,
				55C48AE6CB76FD8C4B1ADA6A /* FeedView.swift in Sources */,
				3DC63038E15D9C51D29250FA /* ForceGraphView.swift in Sources */,
				76300C799239920856F4869D /* IntelligenceService.swift in Sources */,
				4C714C5DB37A3929083FB727 /* KnowledgeEngine.swift in Sources */,
				888D419A0635DFE249F4C436 /* KnowledgeMapView.swift in Sources */,
				F4DF1AAEFC78C1B0B1F1193A /* LearningEvent.swift in Sources */,
				2033BEA874209872876F143A /* PreviewData.swift in Sources */,
				787B5A057456E5A8138E7E57 /* ProgressTabView.swift in Sources */,
				7B67654466C221D28BE47D9B /* QuizEngine.swift in Sources */,
				8AFEE669B1C367C2D32B8F64 /* QuizView.swift in Sources */,
				8ED69BE743E9A55FDF347BA3 /* RSSParser.swift in Sources */,
				3E3CF15088A284E0EB84871C /* RootTabView.swift in Sources */,
				223A361D7999C367F1CF2752 /* SeedData.swift in Sources */,
				D7B535CDDF16574CA88ED9CD /* SettingsView.swift in Sources */,
				55AEB1106174B5C14FB36FA2 /* TechPulseApp.swift in Sources */,
				2D8B0F0767C9B416C80DDB30 /* Theme.swift in Sources */,
				6DFDE1DEEC1F113933A40FF6 /* WeeklyLearningIntent.swift in Sources */,
			);
			runOnlyForDeploymentPostprocessing = 0;
		};
		E7214F078D7C61C3F3020E2B /* Sources */ = {
			isa = PBXSourcesBuildPhase;
			buildActionMask = 2147483647;
			files = (
				96315EB538495DDC2CEFAAF0 /* TechPulseUITests.swift in Sources */,
			);
			runOnlyForDeploymentPostprocessing = 0;
		};
/* End PBXSourcesBuildPhase section */

/* Begin PBXTargetDependency section */
		82AEDC26FB6DACA0667E4C4C /* PBXTargetDependency */ = {
			isa = PBXTargetDependency;
			target = 61378DF558204F1B586C78BF /* TechPulse */;
			targetProxy = 4FAA860F134517EFAB6AC2A2 /* PBXContainerItemProxy */;
		};
		DDB03E7F87A432699C7A5803 /* PBXTargetDependency */ = {
			isa = PBXTargetDependency;
			target = 61378DF558204F1B586C78BF /* TechPulse */;
			targetProxy = 23EEB900CA04DA2A551E1224 /* PBXContainerItemProxy */;
		};
/* End PBXTargetDependency section */

/* Begin XCBuildConfiguration section */
		2A514717469EC25E2E3C2E36 /* Release */ = {
			isa = XCBuildConfiguration;
			buildSettings = {
				BUNDLE_LOADER = "$(TEST_HOST)";
				LD_RUNPATH_SEARCH_PATHS = (
					"$(inherited)",
					"@executable_path/Frameworks",
					"@loader_path/Frameworks",
				);
				PRODUCT_BUNDLE_IDENTIFIER = com.johnchen.TechPulseTests;
				SDKROOT = iphoneos;
				TARGETED_DEVICE_FAMILY = "1,2";
				TEST_HOST = "$(BUILT_PRODUCTS_DIR)/TechPulse.app/TechPulse";
			};
			name = Release;
		};
		2C3726628B78BD4B45F029C5 /* Debug */ = {
			isa = XCBuildConfiguration;
			buildSettings = {
				ALWAYS_SEARCH_USER_PATHS = NO;
				CLANG_ANALYZER_NONNULL = YES;
				CLANG_ANALYZER_NUMBER_OBJECT_CONVERSION = YES_AGGRESSIVE;
				CLANG_CXX_LANGUAGE_STANDARD = "gnu++14";
				CLANG_CXX_LIBRARY = "libc++";
				CLANG_ENABLE_MODULES = YES;
				CLANG_ENABLE_OBJC_ARC = YES;
				CLANG_ENABLE_OBJC_WEAK = YES;
				CLANG_WARN_BLOCK_CAPTURE_AUTORELEASING = YES;
				CLANG_WARN_BOOL_CONVERSION = YES;
				CLANG_WARN_COMMA = YES;
				CLANG_WARN_CONSTANT_CONVERSION = YES;
				CLANG_WARN_DEPRECATED_OBJC_IMPLEMENTATIONS = YES;
				CLANG_WARN_DIRECT_OBJC_ISA_USAGE = YES_ERROR;
				CLANG_WARN_DOCUMENTATION_COMMENTS = YES;
				CLANG_WARN_EMPTY_BODY = YES;
				CLANG_WARN_ENUM_CONVERSION = YES;
				CLANG_WARN_INFINITE_RECURSION = YES;
				CLANG_WARN_INT_CONVERSION = YES;
				CLANG_WARN_NON_LITERAL_NULL_CONVERSION = YES;
				CLANG_WARN_OBJC_IMPLICIT_RETAIN_SELF = YES;
				CLANG_WARN_OBJC_LITERAL_CONVERSION = YES;
				CLANG_WARN_OBJC_ROOT_CLASS = YES_ERROR;
				CLANG_WARN_QUOTED_INCLUDE_IN_FRAMEWORK_HEADER = YES;
				CLANG_WARN_RANGE_LOOP_ANALYSIS = YES;
				CLANG_WARN_STRICT_PROTOTYPES = YES;
				CLANG_WARN_SUSPICIOUS_MOVE = YES;
				CLANG_WARN_UNGUARDED_AVAILABILITY = YES_AGGRESSIVE;
				CLANG_WARN_UNREACHABLE_CODE = YES;
				CLANG_WARN__DUPLICATE_METHOD_MATCH = YES;
				COPY_PHASE_STRIP = NO;
				DEBUG_INFORMATION_FORMAT = dwarf;
				ENABLE_STRICT_OBJC_MSGSEND = YES;
				ENABLE_TESTABILITY = YES;
				GCC_C_LANGUAGE_STANDARD = gnu11;
				GCC_DYNAMIC_NO_PIC = NO;
				GCC_NO_COMMON_BLOCKS = YES;
				GCC_OPTIMIZATION_LEVEL = 0;
				GCC_PREPROCESSOR_DEFINITIONS = (
					"$(inherited)",
					"DEBUG=1",
				);
				GCC_WARN_64_TO_32_BIT_CONVERSION = YES;
				GCC_WARN_ABOUT_RETURN_TYPE = YES_ERROR;
				GCC_WARN_UNDECLARED_SELECTOR = YES;
				GCC_WARN_UNINITIALIZED_AUTOS = YES_AGGRESSIVE;
				GCC_WARN_UNUSED_FUNCTION = YES;
				GCC_WARN_UNUSED_VARIABLE = YES;
				IPHONEOS_DEPLOYMENT_TARGET = 26.0;
				MTL_ENABLE_DEBUG_INFO = INCLUDE_SOURCE;
				MTL_FAST_MATH = YES;
				ONLY_ACTIVE_ARCH = YES;
				PRODUCT_NAME = "$(TARGET_NAME)";
				SDKROOT = iphoneos;
				SWIFT_ACTIVE_COMPILATION_CONDITIONS = DEBUG;
				SWIFT_OPTIMIZATION_LEVEL = "-Onone";
				SWIFT_STRICT_CONCURRENCY = complete;
				SWIFT_VERSION = 6.0;
			};
			name = Debug;
		};
		56D4D223842092420DB3B2A0 /* Debug */ = {
			isa = XCBuildConfiguration;
			buildSettings = {
				ASSETCATALOG_COMPILER_APPICON_NAME = AppIcon;
				CODE_SIGN_IDENTITY = "iPhone Developer";
				CODE_SIGN_STYLE = Automatic;
				INFOPLIST_FILE = TechPulse/Info.plist;
				LD_RUNPATH_SEARCH_PATHS = (
					"$(inherited)",
					"@executable_path/Frameworks",
				);
				PRODUCT_BUNDLE_IDENTIFIER = com.johnchen.TechPulse;
				SDKROOT = iphoneos;
				TARGETED_DEVICE_FAMILY = 1;
			};
			name = Debug;
		};
		9AC34C00D9D86A9F2EFC1D0C /* Debug */ = {
			isa = XCBuildConfiguration;
			buildSettings = {
				BUNDLE_LOADER = "$(TEST_HOST)";
				LD_RUNPATH_SEARCH_PATHS = (
					"$(inherited)",
					"@executable_path/Frameworks",
					"@loader_path/Frameworks",
				);
				PRODUCT_BUNDLE_IDENTIFIER = com.johnchen.TechPulseUITests;
				SDKROOT = iphoneos;
				TARGETED_DEVICE_FAMILY = "1,2";
				TEST_TARGET_NAME = TechPulse;
			};
			name = Debug;
		};
		C38EA6CA5B0B51945B260B82 /* Release */ = {
			isa = XCBuildConfiguration;
			buildSettings = {
				BUNDLE_LOADER = "$(TEST_HOST)";
				LD_RUNPATH_SEARCH_PATHS = (
					"$(inherited)",
					"@executable_path/Frameworks",
					"@loader_path/Frameworks",
				);
				PRODUCT_BUNDLE_IDENTIFIER = com.johnchen.TechPulseUITests;
				SDKROOT = iphoneos;
				TARGETED_DEVICE_FAMILY = "1,2";
				TEST_TARGET_NAME = TechPulse;
			};
			name = Release;
		};
		D6D7488A02B052BB30F34002 /* Release */ = {
			isa = XCBuildConfiguration;
			buildSettings = {
				ALWAYS_SEARCH_USER_PATHS = NO;
				CLANG_ANALYZER_NONNULL = YES;
				CLANG_ANALYZER_NUMBER_OBJECT_CONVERSION = YES_AGGRESSIVE;
				CLANG_CXX_LANGUAGE_STANDARD = "gnu++14";
				CLANG_CXX_LIBRARY = "libc++";
				CLANG_ENABLE_MODULES = YES;
				CLANG_ENABLE_OBJC_ARC = YES;
				CLANG_ENABLE_OBJC_WEAK = YES;
				CLANG_WARN_BLOCK_CAPTURE_AUTORELEASING = YES;
				CLANG_WARN_BOOL_CONVERSION = YES;
				CLANG_WARN_COMMA = YES;
				CLANG_WARN_CONSTANT_CONVERSION = YES;
				CLANG_WARN_DEPRECATED_OBJC_IMPLEMENTATIONS = YES;
				CLANG_WARN_DIRECT_OBJC_ISA_USAGE = YES_ERROR;
				CLANG_WARN_DOCUMENTATION_COMMENTS = YES;
				CLANG_WARN_EMPTY_BODY = YES;
				CLANG_WARN_ENUM_CONVERSION = YES;
				CLANG_WARN_INFINITE_RECURSION = YES;
				CLANG_WARN_INT_CONVERSION = YES;
				CLANG_WARN_NON_LITERAL_NULL_CONVERSION = YES;
				CLANG_WARN_OBJC_IMPLICIT_RETAIN_SELF = YES;
				CLANG_WARN_OBJC_LITERAL_CONVERSION = YES;
				CLANG_WARN_OBJC_ROOT_CLASS = YES_ERROR;
				CLANG_WARN_QUOTED_INCLUDE_IN_FRAMEWORK_HEADER = YES;
				CLANG_WARN_RANGE_LOOP_ANALYSIS = YES;
				CLANG_WARN_STRICT_PROTOTYPES = YES;
				CLANG_WARN_SUSPICIOUS_MOVE = YES;
				CLANG_WARN_UNGUARDED_AVAILABILITY = YES_AGGRESSIVE;
				CLANG_WARN_UNREACHABLE_CODE = YES;
				CLANG_WARN__DUPLICATE_METHOD_MATCH = YES;
				COPY_PHASE_STRIP = NO;
				DEBUG_INFORMATION_FORMAT = "dwarf-with-dsym";
				ENABLE_NS_ASSERTIONS = NO;
				ENABLE_STRICT_OBJC_MSGSEND = YES;
				GCC_C_LANGUAGE_STANDARD = gnu11;
				GCC_NO_COMMON_BLOCKS = YES;
				GCC_WARN_64_TO_32_BIT_CONVERSION = YES;
				GCC_WARN_ABOUT_RETURN_TYPE = YES_ERROR;
				GCC_WARN_UNDECLARED_SELECTOR = YES;
				GCC_WARN_UNINITIALIZED_AUTOS = YES_AGGRESSIVE;
				GCC_WARN_UNUSED_FUNCTION = YES;
				GCC_WARN_UNUSED_VARIABLE = YES;
				IPHONEOS_DEPLOYMENT_TARGET = 26.0;
				MTL_ENABLE_DEBUG_INFO = NO;
				MTL_FAST_MATH = YES;
				PRODUCT_NAME = "$(TARGET_NAME)";
				SDKROOT = iphoneos;
				SWIFT_COMPILATION_MODE = wholemodule;
				SWIFT_OPTIMIZATION_LEVEL = "-O";
				SWIFT_STRICT_CONCURRENCY = complete;
				SWIFT_VERSION = 6.0;
			};
			name = Release;
		};
		DD22ABAA43AABB78F2C34F01 /* Debug */ = {
			isa = XCBuildConfiguration;
			buildSettings = {
				BUNDLE_LOADER = "$(TEST_HOST)";
				LD_RUNPATH_SEARCH_PATHS = (
					"$(inherited)",
					"@executable_path/Frameworks",
					"@loader_path/Frameworks",
				);
				PRODUCT_BUNDLE_IDENTIFIER = com.johnchen.TechPulseTests;
				SDKROOT = iphoneos;
				TARGETED_DEVICE_FAMILY = "1,2";
				TEST_HOST = "$(BUILT_PRODUCTS_DIR)/TechPulse.app/TechPulse";
			};
			name = Debug;
		};
		FF9C3C200BAC59AE22E954CE /* Release */ = {
			isa = XCBuildConfiguration;
			buildSettings = {
				ASSETCATALOG_COMPILER_APPICON_NAME = AppIcon;
				CODE_SIGN_IDENTITY = "iPhone Developer";
				CODE_SIGN_STYLE = Automatic;
				INFOPLIST_FILE = TechPulse/Info.plist;
				LD_RUNPATH_SEARCH_PATHS = (
					"$(inherited)",
					"@executable_path/Frameworks",
				);
				PRODUCT_BUNDLE_IDENTIFIER = com.johnchen.TechPulse;
				SDKROOT = iphoneos;
				TARGETED_DEVICE_FAMILY = 1;
			};
			name = Release;
		};
/* End XCBuildConfiguration section */

/* Begin XCConfigurationList section */
		148E101D955BDCEAAD4FA8A3 /* Build configuration list for PBXNativeTarget "TechPulseTests" */ = {
			isa = XCConfigurationList;
			buildConfigurations = (
				DD22ABAA43AABB78F2C34F01 /* Debug */,
				2A514717469EC25E2E3C2E36 /* Release */,
			);
			defaultConfigurationIsVisible = 0;
			defaultConfigurationName = Debug;
		};
		2A9AAC1E2F0B1D7208197294 /* Build configuration list for PBXProject "TechPulse" */ = {
			isa = XCConfigurationList;
			buildConfigurations = (
				2C3726628B78BD4B45F029C5 /* Debug */,
				D6D7488A02B052BB30F34002 /* Release */,
			);
			defaultConfigurationIsVisible = 0;
			defaultConfigurationName = Debug;
		};
		834A373E83094BDBE0595F5D /* Build configuration list for PBXNativeTarget "TechPulseUITests" */ = {
			isa = XCConfigurationList;
			buildConfigurations = (
				9AC34C00D9D86A9F2EFC1D0C /* Debug */,
				C38EA6CA5B0B51945B260B82 /* Release */,
			);
			defaultConfigurationIsVisible = 0;
			defaultConfigurationName = Debug;
		};
		C34831F2AC3F861603585F2C /* Build configuration list for PBXNativeTarget "TechPulse" */ = {
			isa = XCConfigurationList;
			buildConfigurations = (
				56D4D223842092420DB3B2A0 /* Debug */,
				FF9C3C200BAC59AE22E954CE /* Release */,
			);
			defaultConfigurationIsVisible = 0;
			defaultConfigurationName = Debug;
		};
/* End XCConfigurationList section */
	};
	rootObject = 1173EF6787E0BCFFA42533AF /* Project object */;
}
